// !$*UTF8*$!
{
	archiveVersion = 1;
	classes = {
	};
	objectVersion = 56;
	objects = {

/* Begin PBXBuildFile section */
		A720D36928BC469100CC12BA /* IngredientsView.swift in Sources */ = {isa = PBXBuildFile; fileRef = A720D36828BC469100CC12BA /* IngredientsView.swift */; };
		A720D36B28BC650500CC12BA /* FilterView.swift in Sources */ = {isa = PBXBuildFile; fileRef = A720D36A28BC650500CC12BA /* FilterView.swift */; };
		A73DDC4828B7CF7D00C37A03 /* Featured.swift in Sources */ = {isa = PBXBuildFile; fileRef = A73DDC4728B7CF7D00C37A03 /* Featured.swift */; };
		A73DDC4A28B7DCA500C37A03 /* Columns.swift in Sources */ = {isa = PBXBuildFile; fileRef = A73DDC4928B7DCA500C37A03 /* Columns.swift */; };
		A73DDC4D28B8293100C37A03 /* Orientation.swift in Sources */ = {isa = PBXBuildFile; fileRef = A73DDC4C28B8293100C37A03 /* Orientation.swift */; };
		A750846228BD964300EFC9C7 /* ShareableView.swift in Sources */ = {isa = PBXBuildFile; fileRef = A750846128BD964300EFC9C7 /* ShareableView.swift */; };
		A750846428BDA6D500EFC9C7 /* View.swift in Sources */ = {isa = PBXBuildFile; fileRef = A750846328BDA6D500EFC9C7 /* View.swift */; };
		A750846628BEC05800EFC9C7 /* CocktailsByIngredient.swift in Sources */ = {isa = PBXBuildFile; fileRef = A750846528BEC05800EFC9C7 /* CocktailsByIngredient.swift */; };
		A754D8A22A64671600BC87DF /* Person.swift in Sources */ = {isa = PBXBuildFile; fileRef = A754D8A12A64671600BC87DF /* Person.swift */; };
		A7694EE128C83E2F001678A1 /* ShoppingView.swift in Sources */ = {isa = PBXBuildFile; fileRef = A7694EE028C83E2F001678A1 /* ShoppingView.swift */; };
		A7694EE328C8507D001678A1 /* MenuView.swift in Sources */ = {isa = PBXBuildFile; fileRef = A7694EE228C8507D001678A1 /* MenuView.swift */; };
		A7694EE528C8FB28001678A1 /* MenuItem.swift in Sources */ = {isa = PBXBuildFile; fileRef = A7694EE428C8FB28001678A1 /* MenuItem.swift */; };
		A76A9C8128D023ED004CE04C /* BartenderTest.swift in Sources */ = {isa = PBXBuildFile; fileRef = A76A9C8028D023ED004CE04C /* BartenderTest.swift */; };
		A7981AB728CEB9C800B64689 /* WidgetKit.framework in Frameworks */ = {isa = PBXBuildFile; fileRef = A7981A9A28CEB7B700B64689 /* WidgetKit.framework */; };
		A7981AB828CEB9C800B64689 /* SwiftUI.framework in Frameworks */ = {isa = PBXBuildFile; fileRef = A7981A9C28CEB7B700B64689 /* SwiftUI.framework */; };
		A7981ABB28CEB9C800B64689 /* FeaturedCocktailsWidget.swift in Sources */ = {isa = PBXBuildFile; fileRef = A7981ABA28CEB9C800B64689 /* FeaturedCocktailsWidget.swift */; };
		A7981ABD28CEB9CA00B64689 /* Assets.xcassets in Resources */ = {isa = PBXBuildFile; fileRef = A7981ABC28CEB9CA00B64689 /* Assets.xcassets */; };
		A7981AC528CEB9D900B64689 /* Extensions.swift in Sources */ = {isa = PBXBuildFile; fileRef = A7EB0AFD28B6B46600D223F7 /* Extensions.swift */; };
		A7981AC628CEB9D900B64689 /* Cocktails.swift in Sources */ = {isa = PBXBuildFile; fileRef = A7EB0AFE28B6B46700D223F7 /* Cocktails.swift */; };
		A7981AC728CEB9D900B64689 /* Measurements.swift in Sources */ = {isa = PBXBuildFile; fileRef = A7EB0B0028B6B46700D223F7 /* Measurements.swift */; };
		A7981AC828CEB9D900B64689 /* MenuItem.swift in Sources */ = {isa = PBXBuildFile; fileRef = A7694EE428C8FB28001678A1 /* MenuItem.swift */; };
		A7981AC928CEB9D900B64689 /* Enums.swift in Sources */ = {isa = PBXBuildFile; fileRef = A7EB0AFC28B6B46600D223F7 /* Enums.swift */; };
		A7981ACA28CEB9D900B64689 /* Structs.swift in Sources */ = {isa = PBXBuildFile; fileRef = A7EB0AFF28B6B46700D223F7 /* Structs.swift */; };
		A798B3C728CFDA4D00E45CC1 /* Cocktails.app in Embed Watch Content */ = {isa = PBXBuildFile; fileRef = A798B3C628CFDA4D00E45CC1 /* Cocktails.app */; settings = {ATTRIBUTES = (RemoveHeadersOnCopy, ); }; };
		A798B3CC28CFDA4D00E45CC1 /* WatchCocktailsApp.swift in Sources */ = {isa = PBXBuildFile; fileRef = A798B3CB28CFDA4D00E45CC1 /* WatchCocktailsApp.swift */; };
		A798B3CE28CFDA4D00E45CC1 /* ContentView.swift in Sources */ = {isa = PBXBuildFile; fileRef = A798B3CD28CFDA4D00E45CC1 /* ContentView.swift */; };
		A798B3D028CFDA4E00E45CC1 /* Assets.xcassets in Resources */ = {isa = PBXBuildFile; fileRef = A798B3CF28CFDA4E00E45CC1 /* Assets.xcassets */; };
		A798B3D328CFDA4E00E45CC1 /* Preview Assets.xcassets in Resources */ = {isa = PBXBuildFile; fileRef = A798B3D228CFDA4E00E45CC1 /* Preview Assets.xcassets */; };
		A798B3DB28CFDC3900E45CC1 /* Cocktails.swift in Sources */ = {isa = PBXBuildFile; fileRef = A7EB0AFE28B6B46700D223F7 /* Cocktails.swift */; };
		A798B3DC28CFDC3900E45CC1 /* Measurements.swift in Sources */ = {isa = PBXBuildFile; fileRef = A7EB0B0028B6B46700D223F7 /* Measurements.swift */; };
		A798B3DD28CFDC3900E45CC1 /* Enums.swift in Sources */ = {isa = PBXBuildFile; fileRef = A7EB0AFC28B6B46600D223F7 /* Enums.swift */; };
		A798B3DE28CFDC3900E45CC1 /* Extensions.swift in Sources */ = {isa = PBXBuildFile; fileRef = A7EB0AFD28B6B46600D223F7 /* Extensions.swift */; };
		A798B3DF28CFDC3900E45CC1 /* Structs.swift in Sources */ = {isa = PBXBuildFile; fileRef = A7EB0AFF28B6B46700D223F7 /* Structs.swift */; };
		A798B3E028CFDC3900E45CC1 /* MenuItem.swift in Sources */ = {isa = PBXBuildFile; fileRef = A7694EE428C8FB28001678A1 /* MenuItem.swift */; };
		A798B3E228CFDE6700E45CC1 /* Color.swift in Sources */ = {isa = PBXBuildFile; fileRef = A798B3E128CFDE6700E45CC1 /* Color.swift */; };
		A798B3E428CFDEB100E45CC1 /* Color Hex.swift in Sources */ = {isa = PBXBuildFile; fileRef = A798B3E328CFDEB100E45CC1 /* Color Hex.swift */; };
		A798B3E528CFDEC100E45CC1 /* Color Hex.swift in Sources */ = {isa = PBXBuildFile; fileRef = A798B3E328CFDEB100E45CC1 /* Color Hex.swift */; };
		A798B3E628CFDEC300E45CC1 /* Color Hex.swift in Sources */ = {isa = PBXBuildFile; fileRef = A798B3E328CFDEB100E45CC1 /* Color Hex.swift */; };
		A798B3E828CFE08400E45CC1 /* CategoryView.swift in Sources */ = {isa = PBXBuildFile; fileRef = A798B3E728CFE08400E45CC1 /* CategoryView.swift */; };
		A798B3EB28CFE0F300E45CC1 /* Main Bar.swift in Sources */ = {isa = PBXBuildFile; fileRef = A798B3EA28CFE0F300E45CC1 /* Main Bar.swift */; };
		A798B3ED28CFE12000E45CC1 /* Spotlight Bar.swift in Sources */ = {isa = PBXBuildFile; fileRef = A798B3EC28CFE12000E45CC1 /* Spotlight Bar.swift */; };
		A798B3F328CFE33800E45CC1 /* Main Bar.swift in Sources */ = {isa = PBXBuildFile; fileRef = A798B3EA28CFE0F300E45CC1 /* Main Bar.swift */; };
		A798B3F428CFE38D00E45CC1 /* Filter.swift in Sources */ = {isa = PBXBuildFile; fileRef = A7EB0B0C28B6CB8E00D223F7 /* Filter.swift */; };
		A798B3FA28CFF08400E45CC1 /* CocktailView.swift in Sources */ = {isa = PBXBuildFile; fileRef = A798B3F928CFF08400E45CC1 /* CocktailView.swift */; };
		A7C5FD5F28CE86890012CBC5 /* LinkTests.swift in Sources */ = {isa = PBXBuildFile; fileRef = A7C5FD5E28CE86890012CBC5 /* LinkTests.swift */; };
		A7D17D6A2B3E7537005CDC01 /* Cocktail.swift in Sources */ = {isa = PBXBuildFile; fileRef = A7D17D692B3E7537005CDC01 /* Cocktail.swift */; };
		A7D17D6C2B3E793C005CDC01 /* Guest.swift in Sources */ = {isa = PBXBuildFile; fileRef = A7D17D6B2B3E793C005CDC01 /* Guest.swift */; };
		A7D17D6E2B3E7CAD005CDC01 /* GuestEditor.swift in Sources */ = {isa = PBXBuildFile; fileRef = A7D17D6D2B3E7CAD005CDC01 /* GuestEditor.swift */; };
		A7D17D702B3E8AC5005CDC01 /* GuestRow.swift in Sources */ = {isa = PBXBuildFile; fileRef = A7D17D6F2B3E8AC5005CDC01 /* GuestRow.swift */; };
		A7EB0AE628B6B29300D223F7 /* CocktailsApp.swift in Sources */ = {isa = PBXBuildFile; fileRef = A7EB0AE528B6B29300D223F7 /* CocktailsApp.swift */; };
		A7EB0AEF28B6B29500D223F7 /* Assets.xcassets in Resources */ = {isa = PBXBuildFile; fileRef = A7EB0AEE28B6B29500D223F7 /* Assets.xcassets */; };
		A7EB0AF328B6B29500D223F7 /* Preview Assets.xcassets in Resources */ = {isa = PBXBuildFile; fileRef = A7EB0AF228B6B29500D223F7 /* Preview Assets.xcassets */; };
		A7EB0B0128B6B46700D223F7 /* Enums.swift in Sources */ = {isa = PBXBuildFile; fileRef = A7EB0AFC28B6B46600D223F7 /* Enums.swift */; };
		A7EB0B0228B6B46700D223F7 /* Extensions.swift in Sources */ = {isa = PBXBuildFile; fileRef = A7EB0AFD28B6B46600D223F7 /* Extensions.swift */; };
		A7EB0B0328B6B46700D223F7 /* Cocktails.swift in Sources */ = {isa = PBXBuildFile; fileRef = A7EB0AFE28B6B46700D223F7 /* Cocktails.swift */; };
		A7EB0B0428B6B46700D223F7 /* Structs.swift in Sources */ = {isa = PBXBuildFile; fileRef = A7EB0AFF28B6B46700D223F7 /* Structs.swift */; };
		A7EB0B0528B6B46700D223F7 /* Measurements.swift in Sources */ = {isa = PBXBuildFile; fileRef = A7EB0B0028B6B46700D223F7 /* Measurements.swift */; };
		A7EB0B0728B6CA8A00D223F7 /* Large Cocktail.swift in Sources */ = {isa = PBXBuildFile; fileRef = A7EB0B0628B6CA8A00D223F7 /* Large Cocktail.swift */; };
		A7EB0B1028B6CB8E00D223F7 /* Filter.swift in Sources */ = {isa = PBXBuildFile; fileRef = A7EB0B0C28B6CB8E00D223F7 /* Filter.swift */; };
		A7EB0B2D28B6CC8600D223F7 /* CocktailView.swift in Sources */ = {isa = PBXBuildFile; fileRef = A7EB0B1528B6CC8300D223F7 /* CocktailView.swift */; };
		A7EB0B2E28B6CC8600D223F7 /* Guests.swift in Sources */ = {isa = PBXBuildFile; fileRef = A7EB0B1628B6CC8300D223F7 /* Guests.swift */; };
		A7EB0B2F28B6CC8600D223F7 /* Settings.swift in Sources */ = {isa = PBXBuildFile; fileRef = A7EB0B1728B6CC8300D223F7 /* Settings.swift */; };
		A7EB0B3028B6CC8600D223F7 /* CocktailList.swift in Sources */ = {isa = PBXBuildFile; fileRef = A7EB0B1828B6CC8300D223F7 /* CocktailList.swift */; };
		A7EB0B3128B6CC8600D223F7 /* HeroView.swift in Sources */ = {isa = PBXBuildFile; fileRef = A7EB0B1928B6CC8300D223F7 /* HeroView.swift */; };
		A7EB0B3228B6CC8600D223F7 /* CategoryItem.swift in Sources */ = {isa = PBXBuildFile; fileRef = A7EB0B1B28B6CC8300D223F7 /* CategoryItem.swift */; };
		A7EB0B3328B6CC8600D223F7 /* CategoryList.swift in Sources */ = {isa = PBXBuildFile; fileRef = A7EB0B1C28B6CC8300D223F7 /* CategoryList.swift */; };
		A7EB0B3428B6CC8600D223F7 /* CategoryGrid.swift in Sources */ = {isa = PBXBuildFile; fileRef = A7EB0B1D28B6CC8300D223F7 /* CategoryGrid.swift */; };
		A7EB0B3528B6CC8600D223F7 /* CategoryRow.swift in Sources */ = {isa = PBXBuildFile; fileRef = A7EB0B1E28B6CC8300D223F7 /* CategoryRow.swift */; };
		A7F06C012A4CB33600860075 /* VisionHome.swift in Sources */ = {isa = PBXBuildFile; fileRef = A7F06C002A4CB33600860075 /* VisionHome.swift */; };
		A7F06C032A4CD37200860075 /* CocktailPicker.swift in Sources */ = {isa = PBXBuildFile; fileRef = A7F06C022A4CD37200860075 /* CocktailPicker.swift */; };
/* End PBXBuildFile section */

/* Begin PBXContainerItemProxy section */
		A798B3C828CFDA4D00E45CC1 /* PBXContainerItemProxy */ = {
			isa = PBXContainerItemProxy;
			containerPortal = A7EB0ADA28B6B29300D223F7 /* Project object */;
			proxyType = 1;
			remoteGlobalIDString = A798B3C528CFDA4D00E45CC1;
			remoteInfo = "WatchCocktails Watch App";
		};
/* End PBXContainerItemProxy section */

/* Begin PBXCopyFilesBuildPhase section */
		A798B3D728CFDA4E00E45CC1 /* Embed Watch Content */ = {
			isa = PBXCopyFilesBuildPhase;
			buildActionMask = 2147483647;
			dstPath = "$(CONTENTS_FOLDER_PATH)/Watch";
			dstSubfolderSpec = 16;
			files = (
				A798B3C728CFDA4D00E45CC1 /* Cocktails.app in Embed Watch Content */,
			);
			name = "Embed Watch Content";
			runOnlyForDeploymentPostprocessing = 0;
		};
/* End PBXCopyFilesBuildPhase section */

/* Begin PBXFileReference section */
		A720D36828BC469100CC12BA /* IngredientsView.swift */ = {isa = PBXFileReference; lastKnownFileType = sourcecode.swift; path = IngredientsView.swift; sourceTree = "<group>"; };
		A720D36A28BC650500CC12BA /* FilterView.swift */ = {isa = PBXFileReference; lastKnownFileType = sourcecode.swift; path = FilterView.swift; sourceTree = "<group>"; };
		A73DDC4728B7CF7D00C37A03 /* Featured.swift */ = {isa = PBXFileReference; lastKnownFileType = sourcecode.swift; path = Featured.swift; sourceTree = "<group>"; };
		A73DDC4928B7DCA500C37A03 /* Columns.swift */ = {isa = PBXFileReference; lastKnownFileType = sourcecode.swift; path = Columns.swift; sourceTree = "<group>"; };
		A73DDC4C28B8293100C37A03 /* Orientation.swift */ = {isa = PBXFileReference; lastKnownFileType = sourcecode.swift; path = Orientation.swift; sourceTree = "<group>"; };
		A750846128BD964300EFC9C7 /* ShareableView.swift */ = {isa = PBXFileReference; lastKnownFileType = sourcecode.swift; path = ShareableView.swift; sourceTree = "<group>"; };
		A750846328BDA6D500EFC9C7 /* View.swift */ = {isa = PBXFileReference; lastKnownFileType = sourcecode.swift; path = View.swift; sourceTree = "<group>"; };
		A750846528BEC05800EFC9C7 /* CocktailsByIngredient.swift */ = {isa = PBXFileReference; lastKnownFileType = sourcecode.swift; path = CocktailsByIngredient.swift; sourceTree = "<group>"; };
		A754D8A12A64671600BC87DF /* Person.swift */ = {isa = PBXFileReference; lastKnownFileType = sourcecode.swift; path = Person.swift; sourceTree = "<group>"; };
		A7694EE028C83E2F001678A1 /* ShoppingView.swift */ = {isa = PBXFileReference; lastKnownFileType = sourcecode.swift; path = ShoppingView.swift; sourceTree = "<group>"; };
		A7694EE228C8507D001678A1 /* MenuView.swift */ = {isa = PBXFileReference; lastKnownFileType = sourcecode.swift; path = MenuView.swift; sourceTree = "<group>"; };
		A7694EE428C8FB28001678A1 /* MenuItem.swift */ = {isa = PBXFileReference; lastKnownFileType = sourcecode.swift; path = MenuItem.swift; sourceTree = "<group>"; };
		A76A9C8028D023ED004CE04C /* BartenderTest.swift */ = {isa = PBXFileReference; lastKnownFileType = sourcecode.swift; path = BartenderTest.swift; sourceTree = "<group>"; };
		A7981A9A28CEB7B700B64689 /* WidgetKit.framework */ = {isa = PBXFileReference; lastKnownFileType = wrapper.framework; name = WidgetKit.framework; path = System/Library/Frameworks/WidgetKit.framework; sourceTree = SDKROOT; };
		A7981A9C28CEB7B700B64689 /* SwiftUI.framework */ = {isa = PBXFileReference; lastKnownFileType = wrapper.framework; name = SwiftUI.framework; path = System/Library/Frameworks/SwiftUI.framework; sourceTree = SDKROOT; };
		A7981AB628CEB9C800B64689 /* FeaturedCocktailsWidgetExtension.appex */ = {isa = PBXFileReference; explicitFileType = "wrapper.app-extension"; includeInIndex = 0; path = FeaturedCocktailsWidgetExtension.appex; sourceTree = BUILT_PRODUCTS_DIR; };
		A7981ABA28CEB9C800B64689 /* FeaturedCocktailsWidget.swift */ = {isa = PBXFileReference; lastKnownFileType = sourcecode.swift; path = FeaturedCocktailsWidget.swift; sourceTree = "<group>"; };
		A7981ABC28CEB9CA00B64689 /* Assets.xcassets */ = {isa = PBXFileReference; lastKnownFileType = folder.assetcatalog; path = Assets.xcassets; sourceTree = "<group>"; };
		A7981ABE28CEB9CA00B64689 /* Info.plist */ = {isa = PBXFileReference; lastKnownFileType = text.plist.xml; path = Info.plist; sourceTree = "<group>"; };
		A798B3C128CFDA4D00E45CC1 /* WatchCocktails.app */ = {isa = PBXFileReference; explicitFileType = wrapper.application; includeInIndex = 0; path = WatchCocktails.app; sourceTree = BUILT_PRODUCTS_DIR; };
		A798B3C628CFDA4D00E45CC1 /* Cocktails.app */ = {isa = PBXFileReference; explicitFileType = wrapper.application; includeInIndex = 0; path = Cocktails.app; sourceTree = BUILT_PRODUCTS_DIR; };
		A798B3CB28CFDA4D00E45CC1 /* WatchCocktailsApp.swift */ = {isa = PBXFileReference; lastKnownFileType = sourcecode.swift; path = WatchCocktailsApp.swift; sourceTree = "<group>"; };
		A798B3CD28CFDA4D00E45CC1 /* ContentView.swift */ = {isa = PBXFileReference; lastKnownFileType = sourcecode.swift; path = ContentView.swift; sourceTree = "<group>"; };
		A798B3CF28CFDA4E00E45CC1 /* Assets.xcassets */ = {isa = PBXFileReference; lastKnownFileType = folder.assetcatalog; path = Assets.xcassets; sourceTree = "<group>"; };
		A798B3D228CFDA4E00E45CC1 /* Preview Assets.xcassets */ = {isa = PBXFileReference; lastKnownFileType = folder.assetcatalog; path = "Preview Assets.xcassets"; sourceTree = "<group>"; };
		A798B3E128CFDE6700E45CC1 /* Color.swift */ = {isa = PBXFileReference; lastKnownFileType = sourcecode.swift; path = Color.swift; sourceTree = "<group>"; };
		A798B3E328CFDEB100E45CC1 /* Color Hex.swift */ = {isa = PBXFileReference; lastKnownFileType = sourcecode.swift; path = "Color Hex.swift"; sourceTree = "<group>"; };
		A798B3E728CFE08400E45CC1 /* CategoryView.swift */ = {isa = PBXFileReference; lastKnownFileType = sourcecode.swift; path = CategoryView.swift; sourceTree = "<group>"; };
		A798B3EA28CFE0F300E45CC1 /* Main Bar.swift */ = {isa = PBXFileReference; lastKnownFileType = sourcecode.swift; path = "Main Bar.swift"; sourceTree = "<group>"; };
		A798B3EC28CFE12000E45CC1 /* Spotlight Bar.swift */ = {isa = PBXFileReference; lastKnownFileType = sourcecode.swift; path = "Spotlight Bar.swift"; sourceTree = "<group>"; };
		A798B3F928CFF08400E45CC1 /* CocktailView.swift */ = {isa = PBXFileReference; lastKnownFileType = sourcecode.swift; path = CocktailView.swift; sourceTree = "<group>"; };
		A7C5FD5A28CE76F90012CBC5 /* Info.plist */ = {isa = PBXFileReference; lastKnownFileType = text.plist; path = Info.plist; sourceTree = "<group>"; };
		A7C5FD5E28CE86890012CBC5 /* LinkTests.swift */ = {isa = PBXFileReference; lastKnownFileType = sourcecode.swift; path = LinkTests.swift; sourceTree = "<group>"; };
		A7D17D692B3E7537005CDC01 /* Cocktail.swift */ = {isa = PBXFileReference; lastKnownFileType = sourcecode.swift; path = Cocktail.swift; sourceTree = "<group>"; };
		A7D17D6B2B3E793C005CDC01 /* Guest.swift */ = {isa = PBXFileReference; lastKnownFileType = sourcecode.swift; path = Guest.swift; sourceTree = "<group>"; };
		A7D17D6D2B3E7CAD005CDC01 /* GuestEditor.swift */ = {isa = PBXFileReference; lastKnownFileType = sourcecode.swift; path = GuestEditor.swift; sourceTree = "<group>"; };
		A7D17D6F2B3E8AC5005CDC01 /* GuestRow.swift */ = {isa = PBXFileReference; lastKnownFileType = sourcecode.swift; path = GuestRow.swift; sourceTree = "<group>"; };
		A7EB0AE228B6B29300D223F7 /* Cocktails.app */ = {isa = PBXFileReference; explicitFileType = wrapper.application; includeInIndex = 0; path = Cocktails.app; sourceTree = BUILT_PRODUCTS_DIR; };
		A7EB0AE528B6B29300D223F7 /* CocktailsApp.swift */ = {isa = PBXFileReference; lastKnownFileType = sourcecode.swift; path = CocktailsApp.swift; sourceTree = "<group>"; };
		A7EB0AEE28B6B29500D223F7 /* Assets.xcassets */ = {isa = PBXFileReference; lastKnownFileType = folder.assetcatalog; path = Assets.xcassets; sourceTree = "<group>"; };
		A7EB0AF028B6B29500D223F7 /* Cocktails.entitlements */ = {isa = PBXFileReference; lastKnownFileType = text.plist.entitlements; path = Cocktails.entitlements; sourceTree = "<group>"; };
		A7EB0AF228B6B29500D223F7 /* Preview Assets.xcassets */ = {isa = PBXFileReference; lastKnownFileType = folder.assetcatalog; path = "Preview Assets.xcassets"; sourceTree = "<group>"; };
		A7EB0AFC28B6B46600D223F7 /* Enums.swift */ = {isa = PBXFileReference; fileEncoding = 4; lastKnownFileType = sourcecode.swift; path = Enums.swift; sourceTree = "<group>"; };
		A7EB0AFD28B6B46600D223F7 /* Extensions.swift */ = {isa = PBXFileReference; fileEncoding = 4; lastKnownFileType = sourcecode.swift; path = Extensions.swift; sourceTree = "<group>"; };
		A7EB0AFE28B6B46700D223F7 /* Cocktails.swift */ = {isa = PBXFileReference; fileEncoding = 4; lastKnownFileType = sourcecode.swift; path = Cocktails.swift; sourceTree = "<group>"; };
		A7EB0AFF28B6B46700D223F7 /* Structs.swift */ = {isa = PBXFileReference; fileEncoding = 4; lastKnownFileType = sourcecode.swift; path = Structs.swift; sourceTree = "<group>"; };
		A7EB0B0028B6B46700D223F7 /* Measurements.swift */ = {isa = PBXFileReference; fileEncoding = 4; lastKnownFileType = sourcecode.swift; path = Measurements.swift; sourceTree = "<group>"; };
		A7EB0B0628B6CA8A00D223F7 /* Large Cocktail.swift */ = {isa = PBXFileReference; fileEncoding = 4; lastKnownFileType = sourcecode.swift; path = "Large Cocktail.swift"; sourceTree = "<group>"; };
		A7EB0B0C28B6CB8E00D223F7 /* Filter.swift */ = {isa = PBXFileReference; fileEncoding = 4; lastKnownFileType = sourcecode.swift; path = Filter.swift; sourceTree = "<group>"; };
		A7EB0B1528B6CC8300D223F7 /* CocktailView.swift */ = {isa = PBXFileReference; fileEncoding = 4; lastKnownFileType = sourcecode.swift; path = CocktailView.swift; sourceTree = "<group>"; };
		A7EB0B1628B6CC8300D223F7 /* Guests.swift */ = {isa = PBXFileReference; fileEncoding = 4; lastKnownFileType = sourcecode.swift; path = Guests.swift; sourceTree = "<group>"; };
		A7EB0B1728B6CC8300D223F7 /* Settings.swift */ = {isa = PBXFileReference; fileEncoding = 4; lastKnownFileType = sourcecode.swift; path = Settings.swift; sourceTree = "<group>"; };
		A7EB0B1828B6CC8300D223F7 /* CocktailList.swift */ = {isa = PBXFileReference; fileEncoding = 4; lastKnownFileType = sourcecode.swift; path = CocktailList.swift; sourceTree = "<group>"; };
		A7EB0B1928B6CC8300D223F7 /* HeroView.swift */ = {isa = PBXFileReference; fileEncoding = 4; lastKnownFileType = sourcecode.swift; path = HeroView.swift; sourceTree = "<group>"; };
		A7EB0B1B28B6CC8300D223F7 /* CategoryItem.swift */ = {isa = PBXFileReference; fileEncoding = 4; lastKnownFileType = sourcecode.swift; path = CategoryItem.swift; sourceTree = "<group>"; };
		A7EB0B1C28B6CC8300D223F7 /* CategoryList.swift */ = {isa = PBXFileReference; fileEncoding = 4; lastKnownFileType = sourcecode.swift; path = CategoryList.swift; sourceTree = "<group>"; };
		A7EB0B1D28B6CC8300D223F7 /* CategoryGrid.swift */ = {isa = PBXFileReference; fileEncoding = 4; lastKnownFileType = sourcecode.swift; path = CategoryGrid.swift; sourceTree = "<group>"; };
		A7EB0B1E28B6CC8300D223F7 /* CategoryRow.swift */ = {isa = PBXFileReference; fileEncoding = 4; lastKnownFileType = sourcecode.swift; path = CategoryRow.swift; sourceTree = "<group>"; };
		A7F06C002A4CB33600860075 /* VisionHome.swift */ = {isa = PBXFileReference; lastKnownFileType = sourcecode.swift; path = VisionHome.swift; sourceTree = "<group>"; };
		A7F06C022A4CD37200860075 /* CocktailPicker.swift */ = {isa = PBXFileReference; lastKnownFileType = sourcecode.swift; path = CocktailPicker.swift; sourceTree = "<group>"; };
/* End PBXFileReference section */

/* Begin PBXFrameworksBuildPhase section */
		A7981AB328CEB9C800B64689 /* Frameworks */ = {
			isa = PBXFrameworksBuildPhase;
			buildActionMask = 2147483647;
			files = (
				A7981AB828CEB9C800B64689 /* SwiftUI.framework in Frameworks */,
				A7981AB728CEB9C800B64689 /* WidgetKit.framework in Frameworks */,
			);
			runOnlyForDeploymentPostprocessing = 0;
		};
		A798B3C328CFDA4D00E45CC1 /* Frameworks */ = {
			isa = PBXFrameworksBuildPhase;
			buildActionMask = 2147483647;
			files = (
			);
			runOnlyForDeploymentPostprocessing = 0;
		};
		A7EB0ADF28B6B29300D223F7 /* Frameworks */ = {
			isa = PBXFrameworksBuildPhase;
			buildActionMask = 2147483647;
			files = (
			);
			runOnlyForDeploymentPostprocessing = 0;
		};
/* End PBXFrameworksBuildPhase section */

/* Begin PBXGroup section */
		A73DDC4B28B8069300C37A03 /* Resources */ = {
			isa = PBXGroup;
			children = (
				A7EB0AEE28B6B29500D223F7 /* Assets.xcassets */,
				A7EB0AF028B6B29500D223F7 /* Cocktails.entitlements */,
			);
			path = Resources;
			sourceTree = "<group>";
		};
		A754D8A02A64670400BC87DF /* SwiftData */ = {
			isa = PBXGroup;
			children = (
				A754D8A12A64671600BC87DF /* Person.swift */,
			);
			path = SwiftData;
			sourceTree = "<group>";
		};
		A7981A9928CEB7B700B64689 /* Frameworks */ = {
			isa = PBXGroup;
			children = (
				A7981A9A28CEB7B700B64689 /* WidgetKit.framework */,
				A7981A9C28CEB7B700B64689 /* SwiftUI.framework */,
			);
			name = Frameworks;
			sourceTree = "<group>";
		};
		A7981AB928CEB9C800B64689 /* FeaturedCocktailsWidget */ = {
			isa = PBXGroup;
			children = (
				A7981ABA28CEB9C800B64689 /* FeaturedCocktailsWidget.swift */,
				A7981ABC28CEB9CA00B64689 /* Assets.xcassets */,
				A7981ABE28CEB9CA00B64689 /* Info.plist */,
			);
			path = FeaturedCocktailsWidget;
			sourceTree = "<group>";
		};
		A798B3CA28CFDA4D00E45CC1 /* WatchCocktails Watch App */ = {
			isa = PBXGroup;
			children = (
				A798B3CB28CFDA4D00E45CC1 /* WatchCocktailsApp.swift */,
				A798B3CD28CFDA4D00E45CC1 /* ContentView.swift */,
				A798B3E728CFE08400E45CC1 /* CategoryView.swift */,
				A798B3F928CFF08400E45CC1 /* CocktailView.swift */,
				A798B3CF28CFDA4E00E45CC1 /* Assets.xcassets */,
				A798B3D128CFDA4E00E45CC1 /* Preview Content */,
			);
			path = "WatchCocktails Watch App";
			sourceTree = "<group>";
		};
		A798B3D128CFDA4E00E45CC1 /* Preview Content */ = {
			isa = PBXGroup;
			children = (
				A798B3D228CFDA4E00E45CC1 /* Preview Assets.xcassets */,
			);
			path = "Preview Content";
			sourceTree = "<group>";
		};
		A798B3F028CFE28500E45CC1 /* Cocktail Bar */ = {
			isa = PBXGroup;
			children = (
				A798B3EA28CFE0F300E45CC1 /* Main Bar.swift */,
				A798B3EC28CFE12000E45CC1 /* Spotlight Bar.swift */,
			);
			path = "Cocktail Bar";
			sourceTree = "<group>";
		};
		A7C5FD5D28CE867C0012CBC5 /* Tests */ = {
			isa = PBXGroup;
			children = (
				A7C5FD5E28CE86890012CBC5 /* LinkTests.swift */,
				A76A9C8028D023ED004CE04C /* BartenderTest.swift */,
			);
			path = Tests;
			sourceTree = "<group>";
		};
		A7D17D682B3E7519005CDC01 /* Models */ = {
			isa = PBXGroup;
			children = (
				A7D17D692B3E7537005CDC01 /* Cocktail.swift */,
				A7D17D6B2B3E793C005CDC01 /* Guest.swift */,
			);
			path = Models;
			sourceTree = "<group>";
		};
		A7EB0AD928B6B29300D223F7 = {
			isa = PBXGroup;
			children = (
				A7EB0AE428B6B29300D223F7 /* Cocktails */,
				A7981AB928CEB9C800B64689 /* FeaturedCocktailsWidget */,
				A798B3CA28CFDA4D00E45CC1 /* WatchCocktails Watch App */,
				A7981A9928CEB7B700B64689 /* Frameworks */,
				A7EB0AE328B6B29300D223F7 /* Products */,
			);
			sourceTree = "<group>";
		};
		A7EB0AE328B6B29300D223F7 /* Products */ = {
			isa = PBXGroup;
			children = (
				A7EB0AE228B6B29300D223F7 /* Cocktails.app */,
				A7981AB628CEB9C800B64689 /* FeaturedCocktailsWidgetExtension.appex */,
				A798B3C128CFDA4D00E45CC1 /* WatchCocktails.app */,
				A798B3C628CFDA4D00E45CC1 /* Cocktails.app */,
			);
			name = Products;
			sourceTree = "<group>";
		};
		A7EB0AE428B6B29300D223F7 /* Cocktails */ = {
			isa = PBXGroup;
			children = (
				A7C5FD5A28CE76F90012CBC5 /* Info.plist */,
				A7EB0AE528B6B29300D223F7 /* CocktailsApp.swift */,
				A798B3F028CFE28500E45CC1 /* Cocktail Bar */,
				A7C5FD5D28CE867C0012CBC5 /* Tests */,
				A7EB0B0828B6CB6900D223F7 /* Views */,
				A7EB0B0A28B6CB8E00D223F7 /* Extensions */,
				A754D8A02A64670400BC87DF /* SwiftData */,
				A7D17D682B3E7519005CDC01 /* Models */,
				A7EB0AFB28B6B45200D223F7 /* Data */,
				A73DDC4B28B8069300C37A03 /* Resources */,
				A7EB0AF128B6B29500D223F7 /* Preview Content */,
			);
			path = Cocktails;
			sourceTree = "<group>";
		};
		A7EB0AF128B6B29500D223F7 /* Preview Content */ = {
			isa = PBXGroup;
			children = (
				A7EB0AF228B6B29500D223F7 /* Preview Assets.xcassets */,
			);
			path = "Preview Content";
			sourceTree = "<group>";
		};
		A7EB0AFB28B6B45200D223F7 /* Data */ = {
			isa = PBXGroup;
			children = (
				A7EB0AFE28B6B46700D223F7 /* Cocktails.swift */,
				A7EB0AFC28B6B46600D223F7 /* Enums.swift */,
				A7EB0AFD28B6B46600D223F7 /* Extensions.swift */,
				A798B3E128CFDE6700E45CC1 /* Color.swift */,
				A798B3E328CFDEB100E45CC1 /* Color Hex.swift */,
				A7EB0B0028B6B46700D223F7 /* Measurements.swift */,
				A7EB0AFF28B6B46700D223F7 /* Structs.swift */,
				A7694EE428C8FB28001678A1 /* MenuItem.swift */,
			);
			path = Data;
			sourceTree = "<group>";
		};
		A7EB0B0828B6CB6900D223F7 /* Views */ = {
			isa = PBXGroup;
			children = (
				A7F06BFF2A4CB30500860075 /* visionOS */,
				A7EB0B1428B6CC8300D223F7 /* iOS */,
			);
			path = Views;
			sourceTree = "<group>";
		};
		A7EB0B0A28B6CB8E00D223F7 /* Extensions */ = {
			isa = PBXGroup;
			children = (
				A73DDC4928B7DCA500C37A03 /* Columns.swift */,
				A7EB0B0C28B6CB8E00D223F7 /* Filter.swift */,
				A73DDC4C28B8293100C37A03 /* Orientation.swift */,
				A750846328BDA6D500EFC9C7 /* View.swift */,
			);
			path = Extensions;
			sourceTree = "<group>";
		};
		A7EB0B1428B6CC8300D223F7 /* iOS */ = {
			isa = PBXGroup;
			children = (
				A7EB0B1828B6CC8300D223F7 /* CocktailList.swift */,
				A73DDC4728B7CF7D00C37A03 /* Featured.swift */,
				A7EB0B1528B6CC8300D223F7 /* CocktailView.swift */,
				A7EB0B0628B6CA8A00D223F7 /* Large Cocktail.swift */,
				A7EB0B1628B6CC8300D223F7 /* Guests.swift */,
				A7D17D6F2B3E8AC5005CDC01 /* GuestRow.swift */,
				A7D17D6D2B3E7CAD005CDC01 /* GuestEditor.swift */,
				A7EB0B1728B6CC8300D223F7 /* Settings.swift */,
				A7EB0B1928B6CC8300D223F7 /* HeroView.swift */,
				A720D36828BC469100CC12BA /* IngredientsView.swift */,
				A720D36A28BC650500CC12BA /* FilterView.swift */,
				A750846128BD964300EFC9C7 /* ShareableView.swift */,
				A750846528BEC05800EFC9C7 /* CocktailsByIngredient.swift */,
				A7694EE028C83E2F001678A1 /* ShoppingView.swift */,
				A7694EE228C8507D001678A1 /* MenuView.swift */,
				A7EB0B1A28B6CC8300D223F7 /* Categories */,
			);
			path = iOS;
			sourceTree = "<group>";
		};
		A7EB0B1A28B6CC8300D223F7 /* Categories */ = {
			isa = PBXGroup;
			children = (
				A7EB0B1C28B6CC8300D223F7 /* CategoryList.swift */,
				A7EB0B1E28B6CC8300D223F7 /* CategoryRow.swift */,
				A7EB0B1D28B6CC8300D223F7 /* CategoryGrid.swift */,
				A7EB0B1B28B6CC8300D223F7 /* CategoryItem.swift */,
			);
			path = Categories;
			sourceTree = "<group>";
		};
		A7F06BFF2A4CB30500860075 /* visionOS */ = {
			isa = PBXGroup;
			children = (
				A7F06C002A4CB33600860075 /* VisionHome.swift */,
				A7F06C022A4CD37200860075 /* CocktailPicker.swift */,
			);
			path = visionOS;
			sourceTree = "<group>";
		};
/* End PBXGroup section */

/* Begin PBXNativeTarget section */
		A7981AB528CEB9C800B64689 /* FeaturedCocktailsWidgetExtension */ = {
			isa = PBXNativeTarget;
			buildConfigurationList = A7981AC228CEB9CA00B64689 /* Build configuration list for PBXNativeTarget "FeaturedCocktailsWidgetExtension" */;
			buildPhases = (
				A7981AB228CEB9C800B64689 /* Sources */,
				A7981AB328CEB9C800B64689 /* Frameworks */,
				A7981AB428CEB9C800B64689 /* Resources */,
			);
			buildRules = (
			);
			dependencies = (
			);
			name = FeaturedCocktailsWidgetExtension;
			productName = FeaturedCocktailsWidgetExtension;
			productReference = A7981AB628CEB9C800B64689 /* FeaturedCocktailsWidgetExtension.appex */;
			productType = "com.apple.product-type.app-extension";
		};
		A798B3C028CFDA4D00E45CC1 /* WatchCocktails */ = {
			isa = PBXNativeTarget;
			buildConfigurationList = A798B3D828CFDA4E00E45CC1 /* Build configuration list for PBXNativeTarget "WatchCocktails" */;
			buildPhases = (
				A798B3BF28CFDA4D00E45CC1 /* Resources */,
				A798B3D728CFDA4E00E45CC1 /* Embed Watch Content */,
			);
			buildRules = (
			);
			dependencies = (
				A798B3C928CFDA4D00E45CC1 /* PBXTargetDependency */,
			);
			name = WatchCocktails;
			productName = WatchCocktails;
			productReference = A798B3C128CFDA4D00E45CC1 /* WatchCocktails.app */;
			productType = "com.apple.product-type.application.watchapp2-container";
		};
		A798B3C528CFDA4D00E45CC1 /* WatchCocktails Watch App */ = {
			isa = PBXNativeTarget;
			buildConfigurationList = A798B3D428CFDA4E00E45CC1 /* Build configuration list for PBXNativeTarget "WatchCocktails Watch App" */;
			buildPhases = (
				A798B3C228CFDA4D00E45CC1 /* Sources */,
				A798B3C328CFDA4D00E45CC1 /* Frameworks */,
				A798B3C428CFDA4D00E45CC1 /* Resources */,
			);
			buildRules = (
			);
			dependencies = (
			);
			name = "WatchCocktails Watch App";
			productName = "WatchCocktails Watch App";
			productReference = A798B3C628CFDA4D00E45CC1 /* Cocktails.app */;
			productType = "com.apple.product-type.application";
		};
		A7EB0AE128B6B29300D223F7 /* Cocktails */ = {
			isa = PBXNativeTarget;
			buildConfigurationList = A7EB0AF628B6B29500D223F7 /* Build configuration list for PBXNativeTarget "Cocktails" */;
			buildPhases = (
				A7EB0ADE28B6B29300D223F7 /* Sources */,
				A7EB0ADF28B6B29300D223F7 /* Frameworks */,
				A7EB0AE028B6B29300D223F7 /* Resources */,
			);
			buildRules = (
			);
			dependencies = (
			);
			name = Cocktails;
			productName = Mixer;
			productReference = A7EB0AE228B6B29300D223F7 /* Cocktails.app */;
			productType = "com.apple.product-type.application";
		};
/* End PBXNativeTarget section */

/* Begin PBXProject section */
		A7EB0ADA28B6B29300D223F7 /* Project object */ = {
			isa = PBXProject;
			attributes = {
				BuildIndependentTargetsInParallel = 1;
				LastSwiftUpdateCheck = 1400;
				LastUpgradeCheck = 1520;
				TargetAttributes = {
					A7981AB528CEB9C800B64689 = {
						CreatedOnToolsVersion = 14.0;
					};
					A798B3C028CFDA4D00E45CC1 = {
						CreatedOnToolsVersion = 14.0;
					};
					A798B3C528CFDA4D00E45CC1 = {
						CreatedOnToolsVersion = 14.0;
					};
					A7EB0AE128B6B29300D223F7 = {
						CreatedOnToolsVersion = 14.0;
					};
				};
			};
			buildConfigurationList = A7EB0ADD28B6B29300D223F7 /* Build configuration list for PBXProject "Cocktails" */;
			compatibilityVersion = "Xcode 14.0";
			developmentRegion = en;
			hasScannedForEncodings = 0;
			knownRegions = (
				en,
				Base,
			);
			mainGroup = A7EB0AD928B6B29300D223F7;
			productRefGroup = A7EB0AE328B6B29300D223F7 /* Products */;
			projectDirPath = "";
			projectRoot = "";
			targets = (
				A7EB0AE128B6B29300D223F7 /* Cocktails */,
				A7981AB528CEB9C800B64689 /* FeaturedCocktailsWidgetExtension */,
				A798B3C028CFDA4D00E45CC1 /* WatchCocktails */,
				A798B3C528CFDA4D00E45CC1 /* WatchCocktails Watch App */,
			);
		};
/* End PBXProject section */

/* Begin PBXResourcesBuildPhase section */
		A7981AB428CEB9C800B64689 /* Resources */ = {
			isa = PBXResourcesBuildPhase;
			buildActionMask = 2147483647;
			files = (
				A7981ABD28CEB9CA00B64689 /* Assets.xcassets in Resources */,
			);
			runOnlyForDeploymentPostprocessing = 0;
		};
		A798B3BF28CFDA4D00E45CC1 /* Resources */ = {
			isa = PBXResourcesBuildPhase;
			buildActionMask = 2147483647;
			files = (
			);
			runOnlyForDeploymentPostprocessing = 0;
		};
		A798B3C428CFDA4D00E45CC1 /* Resources */ = {
			isa = PBXResourcesBuildPhase;
			buildActionMask = 2147483647;
			files = (
				A798B3D328CFDA4E00E45CC1 /* Preview Assets.xcassets in Resources */,
				A798B3D028CFDA4E00E45CC1 /* Assets.xcassets in Resources */,
			);
			runOnlyForDeploymentPostprocessing = 0;
		};
		A7EB0AE028B6B29300D223F7 /* Resources */ = {
			isa = PBXResourcesBuildPhase;
			buildActionMask = 2147483647;
			files = (
				A7EB0AF328B6B29500D223F7 /* Preview Assets.xcassets in Resources */,
				A7EB0AEF28B6B29500D223F7 /* Assets.xcassets in Resources */,
			);
			runOnlyForDeploymentPostprocessing = 0;
		};
/* End PBXResourcesBuildPhase section */

/* Begin PBXSourcesBuildPhase section */
		A7981AB228CEB9C800B64689 /* Sources */ = {
			isa = PBXSourcesBuildPhase;
			buildActionMask = 2147483647;
			files = (
				A7981AC628CEB9D900B64689 /* Cocktails.swift in Sources */,
				A7981ABB28CEB9C800B64689 /* FeaturedCocktailsWidget.swift in Sources */,
				A7981AC728CEB9D900B64689 /* Measurements.swift in Sources */,
				A7981ACA28CEB9D900B64689 /* Structs.swift in Sources */,
				A7981AC528CEB9D900B64689 /* Extensions.swift in Sources */,
				A7981AC928CEB9D900B64689 /* Enums.swift in Sources */,
				A798B3E628CFDEC300E45CC1 /* Color Hex.swift in Sources */,
				A7981AC828CEB9D900B64689 /* MenuItem.swift in Sources */,
			);
			runOnlyForDeploymentPostprocessing = 0;
		};
		A798B3C228CFDA4D00E45CC1 /* Sources */ = {
			isa = PBXSourcesBuildPhase;
			buildActionMask = 2147483647;
			files = (
				A798B3DB28CFDC3900E45CC1 /* Cocktails.swift in Sources */,
				A798B3F428CFE38D00E45CC1 /* Filter.swift in Sources */,
				A798B3FA28CFF08400E45CC1 /* CocktailView.swift in Sources */,
				A798B3F328CFE33800E45CC1 /* Main Bar.swift in Sources */,
				A798B3DE28CFDC3900E45CC1 /* Extensions.swift in Sources */,
				A798B3CE28CFDA4D00E45CC1 /* ContentView.swift in Sources */,
				A798B3DF28CFDC3900E45CC1 /* Structs.swift in Sources */,
				A798B3E828CFE08400E45CC1 /* CategoryView.swift in Sources */,
				A798B3E528CFDEC100E45CC1 /* Color Hex.swift in Sources */,
				A798B3DD28CFDC3900E45CC1 /* Enums.swift in Sources */,
				A798B3E028CFDC3900E45CC1 /* MenuItem.swift in Sources */,
				A798B3DC28CFDC3900E45CC1 /* Measurements.swift in Sources */,
				A798B3CC28CFDA4D00E45CC1 /* WatchCocktailsApp.swift in Sources */,
			);
			runOnlyForDeploymentPostprocessing = 0;
		};
		A7EB0ADE28B6B29300D223F7 /* Sources */ = {
			isa = PBXSourcesBuildPhase;
			buildActionMask = 2147483647;
			files = (
				A7EB0B3428B6CC8600D223F7 /* CategoryGrid.swift in Sources */,
				A798B3E228CFDE6700E45CC1 /* Color.swift in Sources */,
				A76A9C8128D023ED004CE04C /* BartenderTest.swift in Sources */,
				A7EB0B0428B6B46700D223F7 /* Structs.swift in Sources */,
				A7EB0B2E28B6CC8600D223F7 /* Guests.swift in Sources */,
				A7EB0B2F28B6CC8600D223F7 /* Settings.swift in Sources */,
				A73DDC4A28B7DCA500C37A03 /* Columns.swift in Sources */,
				A7D17D702B3E8AC5005CDC01 /* GuestRow.swift in Sources */,
				A7EB0AE628B6B29300D223F7 /* CocktailsApp.swift in Sources */,
				A720D36928BC469100CC12BA /* IngredientsView.swift in Sources */,
				A720D36B28BC650500CC12BA /* FilterView.swift in Sources */,
				A798B3E428CFDEB100E45CC1 /* Color Hex.swift in Sources */,
				A7D17D6E2B3E7CAD005CDC01 /* GuestEditor.swift in Sources */,
				A7EB0B3528B6CC8600D223F7 /* CategoryRow.swift in Sources */,
				A7EB0B0228B6B46700D223F7 /* Extensions.swift in Sources */,
				A7D17D6A2B3E7537005CDC01 /* Cocktail.swift in Sources */,
				A7C5FD5F28CE86890012CBC5 /* LinkTests.swift in Sources */,
				A7EB0B0328B6B46700D223F7 /* Cocktails.swift in Sources */,
				A798B3EB28CFE0F300E45CC1 /* Main Bar.swift in Sources */,
				A7EB0B0728B6CA8A00D223F7 /* Large Cocktail.swift in Sources */,
				A7EB0B3328B6CC8600D223F7 /* CategoryList.swift in Sources */,
				A750846428BDA6D500EFC9C7 /* View.swift in Sources */,
				A7694EE128C83E2F001678A1 /* ShoppingView.swift in Sources */,
				A7EB0B3028B6CC8600D223F7 /* CocktailList.swift in Sources */,
				A73DDC4828B7CF7D00C37A03 /* Featured.swift in Sources */,
				A7EB0B0128B6B46700D223F7 /* Enums.swift in Sources */,
				A750846228BD964300EFC9C7 /* ShareableView.swift in Sources */,
				A798B3ED28CFE12000E45CC1 /* Spotlight Bar.swift in Sources */,
				A7F06C012A4CB33600860075 /* VisionHome.swift in Sources */,
				A73DDC4D28B8293100C37A03 /* Orientation.swift in Sources */,
				A754D8A22A64671600BC87DF /* Person.swift in Sources */,
				A7EB0B1028B6CB8E00D223F7 /* Filter.swift in Sources */,
				A7EB0B0528B6B46700D223F7 /* Measurements.swift in Sources */,
				A7EB0B2D28B6CC8600D223F7 /* CocktailView.swift in Sources */,
				A7694EE328C8507D001678A1 /* MenuView.swift in Sources */,
				A7EB0B3128B6CC8600D223F7 /* HeroView.swift in Sources */,
				A7694EE528C8FB28001678A1 /* MenuItem.swift in Sources */,
				A7D17D6C2B3E793C005CDC01 /* Guest.swift in Sources */,
				A7EB0B3228B6CC8600D223F7 /* CategoryItem.swift in Sources */,
				A7F06C032A4CD37200860075 /* CocktailPicker.swift in Sources */,
				A750846628BEC05800EFC9C7 /* CocktailsByIngredient.swift in Sources */,
			);
			runOnlyForDeploymentPostprocessing = 0;
		};
/* End PBXSourcesBuildPhase section */

/* Begin PBXTargetDependency section */
		A798B3C928CFDA4D00E45CC1 /* PBXTargetDependency */ = {
			isa = PBXTargetDependency;
			target = A798B3C528CFDA4D00E45CC1 /* WatchCocktails Watch App */;
			targetProxy = A798B3C828CFDA4D00E45CC1 /* PBXContainerItemProxy */;
		};
/* End PBXTargetDependency section */

/* Begin XCBuildConfiguration section */
		A7981AC328CEB9CA00B64689 /* Debug */ = {
			isa = XCBuildConfiguration;
			buildSettings = {
				ASSETCATALOG_COMPILER_GLOBAL_ACCENT_COLOR_NAME = AccentColor;
				ASSETCATALOG_COMPILER_WIDGET_BACKGROUND_COLOR_NAME = WidgetBackground;
				CODE_SIGN_STYLE = Automatic;
				CURRENT_PROJECT_VERSION = 1;
				DEVELOPMENT_TEAM = K6FKZVH5G5;
				GENERATE_INFOPLIST_FILE = YES;
				INFOPLIST_FILE = FeaturedCocktailsWidget/Info.plist;
				INFOPLIST_KEY_CFBundleDisplayName = FeaturedCocktailsWidget;
				INFOPLIST_KEY_NSHumanReadableCopyright = "";
				IPHONEOS_DEPLOYMENT_TARGET = 16.0;
				LD_RUNPATH_SEARCH_PATHS = (
					"$(inherited)",
					"@executable_path/Frameworks",
					"@executable_path/../../Frameworks",
				);
				MARKETING_VERSION = 1.0;
				PRODUCT_BUNDLE_IDENTIFIER = com.heyjoshsmith.Cocktails.FeaturedCocktailsWidget;
				PRODUCT_NAME = "$(TARGET_NAME)";
				SDKROOT = iphoneos;
				SKIP_INSTALL = YES;
				SWIFT_EMIT_LOC_STRINGS = YES;
				SWIFT_VERSION = 5.0;
				TARGETED_DEVICE_FAMILY = "1,2";
			};
			name = Debug;
		};
		A7981AC428CEB9CA00B64689 /* Release */ = {
			isa = XCBuildConfiguration;
			buildSettings = {
				ASSETCATALOG_COMPILER_GLOBAL_ACCENT_COLOR_NAME = AccentColor;
				ASSETCATALOG_COMPILER_WIDGET_BACKGROUND_COLOR_NAME = WidgetBackground;
				CODE_SIGN_STYLE = Automatic;
				CURRENT_PROJECT_VERSION = 1;
				DEVELOPMENT_TEAM = K6FKZVH5G5;
				GENERATE_INFOPLIST_FILE = YES;
				INFOPLIST_FILE = FeaturedCocktailsWidget/Info.plist;
				INFOPLIST_KEY_CFBundleDisplayName = FeaturedCocktailsWidget;
				INFOPLIST_KEY_NSHumanReadableCopyright = "";
				IPHONEOS_DEPLOYMENT_TARGET = 16.0;
				LD_RUNPATH_SEARCH_PATHS = (
					"$(inherited)",
					"@executable_path/Frameworks",
					"@executable_path/../../Frameworks",
				);
				MARKETING_VERSION = 1.0;
				PRODUCT_BUNDLE_IDENTIFIER = com.heyjoshsmith.Cocktails.FeaturedCocktailsWidget;
				PRODUCT_NAME = "$(TARGET_NAME)";
				SDKROOT = iphoneos;
				SKIP_INSTALL = YES;
				SWIFT_EMIT_LOC_STRINGS = YES;
				SWIFT_VERSION = 5.0;
				TARGETED_DEVICE_FAMILY = "1,2";
				VALIDATE_PRODUCT = YES;
			};
			name = Release;
		};
		A798B3D528CFDA4E00E45CC1 /* Debug */ = {
			isa = XCBuildConfiguration;
			buildSettings = {
				ASSETCATALOG_COMPILER_APPICON_NAME = AppIcon;
				ASSETCATALOG_COMPILER_GLOBAL_ACCENT_COLOR_NAME = AccentColor;
				CODE_SIGN_STYLE = Automatic;
				CURRENT_PROJECT_VERSION = 1;
				DEVELOPMENT_ASSET_PATHS = "\"WatchCocktails Watch App/Preview Content\"";
				DEVELOPMENT_TEAM = K6FKZVH5G5;
				ENABLE_PREVIEWS = YES;
				GENERATE_INFOPLIST_FILE = YES;
				INFOPLIST_KEY_UISupportedInterfaceOrientations = "UIInterfaceOrientationPortrait UIInterfaceOrientationPortraitUpsideDown";
				INFOPLIST_KEY_WKWatchOnly = YES;
				LD_RUNPATH_SEARCH_PATHS = (
					"$(inherited)",
					"@executable_path/Frameworks",
				);
				MARKETING_VERSION = 1.0;
				PRODUCT_BUNDLE_IDENTIFIER = com.heyjoshsmith.WatchCocktails.watchkitapp;
				PRODUCT_NAME = Cocktails;
				SDKROOT = watchos;
				SKIP_INSTALL = YES;
				SWIFT_EMIT_LOC_STRINGS = YES;
				SWIFT_VERSION = 5.0;
				TARGETED_DEVICE_FAMILY = 4;
				WATCHOS_DEPLOYMENT_TARGET = 9.0;
			};
			name = Debug;
		};
		A798B3D628CFDA4E00E45CC1 /* Release */ = {
			isa = XCBuildConfiguration;
			buildSettings = {
				ASSETCATALOG_COMPILER_APPICON_NAME = AppIcon;
				ASSETCATALOG_COMPILER_GLOBAL_ACCENT_COLOR_NAME = AccentColor;
				CODE_SIGN_STYLE = Automatic;
				CURRENT_PROJECT_VERSION = 1;
				DEVELOPMENT_ASSET_PATHS = "\"WatchCocktails Watch App/Preview Content\"";
				DEVELOPMENT_TEAM = K6FKZVH5G5;
				ENABLE_PREVIEWS = YES;
				GENERATE_INFOPLIST_FILE = YES;
				INFOPLIST_KEY_UISupportedInterfaceOrientations = "UIInterfaceOrientationPortrait UIInterfaceOrientationPortraitUpsideDown";
				INFOPLIST_KEY_WKWatchOnly = YES;
				LD_RUNPATH_SEARCH_PATHS = (
					"$(inherited)",
					"@executable_path/Frameworks",
				);
				MARKETING_VERSION = 1.0;
				PRODUCT_BUNDLE_IDENTIFIER = com.heyjoshsmith.WatchCocktails.watchkitapp;
				PRODUCT_NAME = Cocktails;
				SDKROOT = watchos;
				SKIP_INSTALL = YES;
				SWIFT_EMIT_LOC_STRINGS = YES;
				SWIFT_VERSION = 5.0;
				TARGETED_DEVICE_FAMILY = 4;
				VALIDATE_PRODUCT = YES;
				WATCHOS_DEPLOYMENT_TARGET = 9.0;
			};
			name = Release;
		};
		A798B3D928CFDA4E00E45CC1 /* Debug */ = {
			isa = XCBuildConfiguration;
			buildSettings = {
				ALWAYS_EMBED_SWIFT_STANDARD_LIBRARIES = YES;
				CODE_SIGN_STYLE = Automatic;
				CURRENT_PROJECT_VERSION = 1;
				DEVELOPMENT_TEAM = K6FKZVH5G5;
				INFOPLIST_KEY_CFBundleDisplayName = WatchCocktails;
				MARKETING_VERSION = 1.0;
				PRODUCT_BUNDLE_IDENTIFIER = com.heyjoshsmith.WatchCocktails;
				PRODUCT_NAME = "$(TARGET_NAME)";
				SDKROOT = iphoneos;
				SWIFT_VERSION = 5.0;
			};
			name = Debug;
		};
		A798B3DA28CFDA4E00E45CC1 /* Release */ = {
			isa = XCBuildConfiguration;
			buildSettings = {
				ALWAYS_EMBED_SWIFT_STANDARD_LIBRARIES = YES;
				CODE_SIGN_STYLE = Automatic;
				CURRENT_PROJECT_VERSION = 1;
				DEVELOPMENT_TEAM = K6FKZVH5G5;
				INFOPLIST_KEY_CFBundleDisplayName = WatchCocktails;
				MARKETING_VERSION = 1.0;
				PRODUCT_BUNDLE_IDENTIFIER = com.heyjoshsmith.WatchCocktails;
				PRODUCT_NAME = "$(TARGET_NAME)";
				SDKROOT = iphoneos;
				SWIFT_VERSION = 5.0;
				VALIDATE_PRODUCT = YES;
			};
			name = Release;
		};
		A7EB0AF428B6B29500D223F7 /* Debug */ = {
			isa = XCBuildConfiguration;
			buildSettings = {
				ALWAYS_SEARCH_USER_PATHS = NO;
				ASSETCATALOG_COMPILER_GENERATE_SWIFT_ASSET_SYMBOL_EXTENSIONS = YES;
				CLANG_ANALYZER_NONNULL = YES;
				CLANG_ANALYZER_NUMBER_OBJECT_CONVERSION = YES_AGGRESSIVE;
				CLANG_CXX_LANGUAGE_STANDARD = "gnu++20";
				CLANG_ENABLE_MODULES = YES;
				CLANG_ENABLE_OBJC_ARC = YES;
				CLANG_ENABLE_OBJC_WEAK = YES;
				CLANG_WARN_BLOCK_CAPTURE_AUTORELEASING = YES;
				CLANG_WARN_BOOL_CONVERSION = YES;
				CLANG_WARN_COMMA = YES;
				CLANG_WARN_CONSTANT_CONVERSION = YES;
				CLANG_WARN_DEPRECATED_OBJC_IMPLEMENTATIONS = YES;
				CLANG_WARN_DIRECT_OBJC_ISA_USAGE = YES_ERROR;
				CLANG_WARN_DOCUMENTATION_COMMENTS = YES;
				CLANG_WARN_EMPTY_BODY = YES;
				CLANG_WARN_ENUM_CONVERSION = YES;
				CLANG_WARN_INFINITE_RECURSION = YES;
				CLANG_WARN_INT_CONVERSION = YES;
				CLANG_WARN_NON_LITERAL_NULL_CONVERSION = YES;
				CLANG_WARN_OBJC_IMPLICIT_RETAIN_SELF = YES;
				CLANG_WARN_OBJC_LITERAL_CONVERSION = YES;
				CLANG_WARN_OBJC_ROOT_CLASS = YES_ERROR;
				CLANG_WARN_QUOTED_INCLUDE_IN_FRAMEWORK_HEADER = YES;
				CLANG_WARN_RANGE_LOOP_ANALYSIS = YES;
				CLANG_WARN_STRICT_PROTOTYPES = YES;
				CLANG_WARN_SUSPICIOUS_MOVE = YES;
				CLANG_WARN_UNGUARDED_AVAILABILITY = YES_AGGRESSIVE;
				CLANG_WARN_UNREACHABLE_CODE = YES;
				CLANG_WARN__DUPLICATE_METHOD_MATCH = YES;
				COPY_PHASE_STRIP = NO;
				DEAD_CODE_STRIPPING = YES;
				DEBUG_INFORMATION_FORMAT = dwarf;
				ENABLE_STRICT_OBJC_MSGSEND = YES;
				ENABLE_TESTABILITY = YES;
				ENABLE_USER_SCRIPT_SANDBOXING = YES;
				GCC_C_LANGUAGE_STANDARD = gnu11;
				GCC_DYNAMIC_NO_PIC = NO;
				GCC_NO_COMMON_BLOCKS = YES;
				GCC_OPTIMIZATION_LEVEL = 0;
				GCC_PREPROCESSOR_DEFINITIONS = (
					"DEBUG=1",
					"$(inherited)",
				);
				GCC_WARN_64_TO_32_BIT_CONVERSION = YES;
				GCC_WARN_ABOUT_RETURN_TYPE = YES_ERROR;
				GCC_WARN_UNDECLARED_SELECTOR = YES;
				GCC_WARN_UNINITIALIZED_AUTOS = YES_AGGRESSIVE;
				GCC_WARN_UNUSED_FUNCTION = YES;
				GCC_WARN_UNUSED_VARIABLE = YES;
				MTL_ENABLE_DEBUG_INFO = INCLUDE_SOURCE;
				MTL_FAST_MATH = YES;
				ONLY_ACTIVE_ARCH = YES;
				SWIFT_ACTIVE_COMPILATION_CONDITIONS = DEBUG;
				SWIFT_OPTIMIZATION_LEVEL = "-Onone";
			};
			name = Debug;
		};
		A7EB0AF528B6B29500D223F7 /* Release */ = {
			isa = XCBuildConfiguration;
			buildSettings = {
				ALWAYS_SEARCH_USER_PATHS = NO;
				ASSETCATALOG_COMPILER_GENERATE_SWIFT_ASSET_SYMBOL_EXTENSIONS = YES;
				CLANG_ANALYZER_NONNULL = YES;
				CLANG_ANALYZER_NUMBER_OBJECT_CONVERSION = YES_AGGRESSIVE;
				CLANG_CXX_LANGUAGE_STANDARD = "gnu++20";
				CLANG_ENABLE_MODULES = YES;
				CLANG_ENABLE_OBJC_ARC = YES;
				CLANG_ENABLE_OBJC_WEAK = YES;
				CLANG_WARN_BLOCK_CAPTURE_AUTORELEASING = YES;
				CLANG_WARN_BOOL_CONVERSION = YES;
				CLANG_WARN_COMMA = YES;
				CLANG_WARN_CONSTANT_CONVERSION = YES;
				CLANG_WARN_DEPRECATED_OBJC_IMPLEMENTATIONS = YES;
				CLANG_WARN_DIRECT_OBJC_ISA_USAGE = YES_ERROR;
				CLANG_WARN_DOCUMENTATION_COMMENTS = YES;
				CLANG_WARN_EMPTY_BODY = YES;
				CLANG_WARN_ENUM_CONVERSION = YES;
				CLANG_WARN_INFINITE_RECURSION = YES;
				CLANG_WARN_INT_CONVERSION = YES;
				CLANG_WARN_NON_LITERAL_NULL_CONVERSION = YES;
				CLANG_WARN_OBJC_IMPLICIT_RETAIN_SELF = YES;
				CLANG_WARN_OBJC_LITERAL_CONVERSION = YES;
				CLANG_WARN_OBJC_ROOT_CLASS = YES_ERROR;
				CLANG_WARN_QUOTED_INCLUDE_IN_FRAMEWORK_HEADER = YES;
				CLANG_WARN_RANGE_LOOP_ANALYSIS = YES;
				CLANG_WARN_STRICT_PROTOTYPES = YES;
				CLANG_WARN_SUSPICIOUS_MOVE = YES;
				CLANG_WARN_UNGUARDED_AVAILABILITY = YES_AGGRESSIVE;
				CLANG_WARN_UNREACHABLE_CODE = YES;
				CLANG_WARN__DUPLICATE_METHOD_MATCH = YES;
				COPY_PHASE_STRIP = NO;
				DEAD_CODE_STRIPPING = YES;
				DEBUG_INFORMATION_FORMAT = "dwarf-with-dsym";
				ENABLE_NS_ASSERTIONS = NO;
				ENABLE_STRICT_OBJC_MSGSEND = YES;
				ENABLE_USER_SCRIPT_SANDBOXING = YES;
				GCC_C_LANGUAGE_STANDARD = gnu11;
				GCC_NO_COMMON_BLOCKS = YES;
				GCC_WARN_64_TO_32_BIT_CONVERSION = YES;
				GCC_WARN_ABOUT_RETURN_TYPE = YES_ERROR;
				GCC_WARN_UNDECLARED_SELECTOR = YES;
				GCC_WARN_UNINITIALIZED_AUTOS = YES_AGGRESSIVE;
				GCC_WARN_UNUSED_FUNCTION = YES;
				GCC_WARN_UNUSED_VARIABLE = YES;
				MTL_ENABLE_DEBUG_INFO = NO;
				MTL_FAST_MATH = YES;
				SWIFT_COMPILATION_MODE = wholemodule;
				SWIFT_OPTIMIZATION_LEVEL = "-O";
			};
			name = Release;
		};
		A7EB0AF728B6B29500D223F7 /* Debug */ = {
			isa = XCBuildConfiguration;
			buildSettings = {
				ASSETCATALOG_COMPILER_APPICON_NAME = AppIcon;
				ASSETCATALOG_COMPILER_GLOBAL_ACCENT_COLOR_NAME = AccentColor;
				CODE_SIGN_ENTITLEMENTS = Cocktails/Resources/Cocktails.entitlements;
				CODE_SIGN_STYLE = Automatic;
				CURRENT_PROJECT_VERSION = 1;
				DEAD_CODE_STRIPPING = YES;
				DEVELOPMENT_ASSET_PATHS = "\"Cocktails/Preview Content\"";
				DEVELOPMENT_TEAM = K6FKZVH5G5;
				ENABLE_HARDENED_RUNTIME = YES;
				ENABLE_PREVIEWS = YES;
				GENERATE_INFOPLIST_FILE = YES;
				INFOPLIST_FILE = Cocktails/Info.plist;
				INFOPLIST_KEY_CFBundleDisplayName = Cocktails;
				INFOPLIST_KEY_LSApplicationCategoryType = "public.app-category.food-and-drink";
				"INFOPLIST_KEY_UIApplicationSceneManifest_Generation[sdk=iphoneos*]" = YES;
				"INFOPLIST_KEY_UIApplicationSceneManifest_Generation[sdk=iphonesimulator*]" = YES;
				"INFOPLIST_KEY_UIApplicationSupportsIndirectInputEvents[sdk=iphoneos*]" = YES;
				"INFOPLIST_KEY_UIApplicationSupportsIndirectInputEvents[sdk=iphonesimulator*]" = YES;
				"INFOPLIST_KEY_UILaunchScreen_Generation[sdk=iphoneos*]" = YES;
				"INFOPLIST_KEY_UILaunchScreen_Generation[sdk=iphonesimulator*]" = YES;
				"INFOPLIST_KEY_UIStatusBarStyle[sdk=iphoneos*]" = UIStatusBarStyleDefault;
				"INFOPLIST_KEY_UIStatusBarStyle[sdk=iphonesimulator*]" = UIStatusBarStyleDefault;
				INFOPLIST_KEY_UISupportedInterfaceOrientations = "UIInterfaceOrientationLandscapeLeft UIInterfaceOrientationLandscapeRight UIInterfaceOrientationPortrait";
				INFOPLIST_KEY_UISupportedInterfaceOrientations_iPad = "UIInterfaceOrientationLandscapeLeft UIInterfaceOrientationLandscapeRight UIInterfaceOrientationPortrait UIInterfaceOrientationPortraitUpsideDown";
				IPHONEOS_DEPLOYMENT_TARGET = 17.0;
				LD_RUNPATH_SEARCH_PATHS = "@executable_path/Frameworks";
				"LD_RUNPATH_SEARCH_PATHS[sdk=macosx*]" = "@executable_path/../Frameworks";
				MACOSX_DEPLOYMENT_TARGET = 14.0;
				MARKETING_VERSION = 1.0;
				PRODUCT_BUNDLE_IDENTIFIER = com.heyjoshsmith.Cocktails;
				PRODUCT_NAME = "$(TARGET_NAME)";
				SDKROOT = auto;
				SUPPORTED_PLATFORMS = "iphoneos iphonesimulator macosx xros xrsimulator";
				SUPPORTS_MACCATALYST = NO;
				SUPPORTS_MAC_DESIGNED_FOR_IPHONE_IPAD = NO;
				SUPPORTS_XR_DESIGNED_FOR_IPHONE_IPAD = NO;
				SWIFT_EMIT_LOC_STRINGS = YES;
				SWIFT_VERSION = 5.0;
				TARGETED_DEVICE_FAMILY = "1,2";
			};
			name = Debug;
		};
		A7EB0AF828B6B29500D223F7 /* Release */ = {
			isa = XCBuildConfiguration;
			buildSettings = {
				ASSETCATALOG_COMPILER_APPICON_NAME = AppIcon;
				ASSETCATALOG_COMPILER_GLOBAL_ACCENT_COLOR_NAME = AccentColor;
				CODE_SIGN_ENTITLEMENTS = Cocktails/Resources/Cocktails.entitlements;
				CODE_SIGN_STYLE = Automatic;
				CURRENT_PROJECT_VERSION = 1;
				DEAD_CODE_STRIPPING = YES;
				DEVELOPMENT_ASSET_PATHS = "\"Cocktails/Preview Content\"";
				DEVELOPMENT_TEAM = K6FKZVH5G5;
				ENABLE_HARDENED_RUNTIME = YES;
				ENABLE_PREVIEWS = YES;
				GENERATE_INFOPLIST_FILE = YES;
				INFOPLIST_FILE = Cocktails/Info.plist;
				INFOPLIST_KEY_CFBundleDisplayName = Cocktails;
				INFOPLIST_KEY_LSApplicationCategoryType = "public.app-category.food-and-drink";
				"INFOPLIST_KEY_UIApplicationSceneManifest_Generation[sdk=iphoneos*]" = YES;
				"INFOPLIST_KEY_UIApplicationSceneManifest_Generation[sdk=iphonesimulator*]" = YES;
				"INFOPLIST_KEY_UIApplicationSupportsIndirectInputEvents[sdk=iphoneos*]" = YES;
				"INFOPLIST_KEY_UIApplicationSupportsIndirectInputEvents[sdk=iphonesimulator*]" = YES;
				"INFOPLIST_KEY_UILaunchScreen_Generation[sdk=iphoneos*]" = YES;
				"INFOPLIST_KEY_UILaunchScreen_Generation[sdk=iphonesimulator*]" = YES;
				"INFOPLIST_KEY_UIStatusBarStyle[sdk=iphoneos*]" = UIStatusBarStyleDefault;
				"INFOPLIST_KEY_UIStatusBarStyle[sdk=iphonesimulator*]" = UIStatusBarStyleDefault;
				INFOPLIST_KEY_UISupportedInterfaceOrientations = "UIInterfaceOrientationLandscapeLeft UIInterfaceOrientationLandscapeRight UIInterfaceOrientationPortrait";
				INFOPLIST_KEY_UISupportedInterfaceOrientations_iPad = "UIInterfaceOrientationLandscapeLeft UIInterfaceOrientationLandscapeRight UIInterfaceOrientationPortrait UIInterfaceOrientationPortraitUpsideDown";
				IPHONEOS_DEPLOYMENT_TARGET = 17.0;
				LD_RUNPATH_SEARCH_PATHS = "@executable_path/Frameworks";
				"LD_RUNPATH_SEARCH_PATHS[sdk=macosx*]" = "@executable_path/../Frameworks";
				MACOSX_DEPLOYMENT_TARGET = 14.0;
				MARKETING_VERSION = 1.0;
				PRODUCT_BUNDLE_IDENTIFIER = com.heyjoshsmith.Cocktails;
				PRODUCT_NAME = "$(TARGET_NAME)";
				SDKROOT = auto;
				SUPPORTED_PLATFORMS = "iphoneos iphonesimulator macosx xros xrsimulator";
				SUPPORTS_MACCATALYST = NO;
				SUPPORTS_MAC_DESIGNED_FOR_IPHONE_IPAD = NO;
				SUPPORTS_XR_DESIGNED_FOR_IPHONE_IPAD = NO;
				SWIFT_EMIT_LOC_STRINGS = YES;
				SWIFT_VERSION = 5.0;
				TARGETED_DEVICE_FAMILY = "1,2";
			};
			name = Release;
		};
/* End XCBuildConfiguration section */

/* Begin XCConfigurationList section */
		A7981AC228CEB9CA00B64689 /* Build configuration list for PBXNativeTarget "FeaturedCocktailsWidgetExtension" */ = {
			isa = XCConfigurationList;
			buildConfigurations = (
				A7981AC328CEB9CA00B64689 /* Debug */,
				A7981AC428CEB9CA00B64689 /* Release */,
			);
			defaultConfigurationIsVisible = 0;
			defaultConfigurationName = Release;
		};
		A798B3D428CFDA4E00E45CC1 /* Build configuration list for PBXNativeTarget "WatchCocktails Watch App" */ = {
			isa = XCConfigurationList;
			buildConfigurations = (
				A798B3D528CFDA4E00E45CC1 /* Debug */,
				A798B3D628CFDA4E00E45CC1 /* Release */,
			);
			defaultConfigurationIsVisible = 0;
			defaultConfigurationName = Release;
		};
		A798B3D828CFDA4E00E45CC1 /* Build configuration list for PBXNativeTarget "WatchCocktails" */ = {
			isa = XCConfigurationList;
			buildConfigurations = (
				A798B3D928CFDA4E00E45CC1 /* Debug */,
				A798B3DA28CFDA4E00E45CC1 /* Release */,
			);
			defaultConfigurationIsVisible = 0;
			defaultConfigurationName = Release;
		};
		A7EB0ADD28B6B29300D223F7 /* Build configuration list for PBXProject "Cocktails" */ = {
			isa = XCConfigurationList;
			buildConfigurations = (
				A7EB0AF428B6B29500D223F7 /* Debug */,
				A7EB0AF528B6B29500D223F7 /* Release */,
			);
			defaultConfigurationIsVisible = 0;
			defaultConfigurationName = Release;
		};
		A7EB0AF628B6B29500D223F7 /* Build configuration list for PBXNativeTarget "Cocktails" */ = {
			isa = XCConfigurationList;
			buildConfigurations = (
				A7EB0AF728B6B29500D223F7 /* Debug */,
				A7EB0AF828B6B29500D223F7 /* Release */,
			);
			defaultConfigurationIsVisible = 0;
			defaultConfigurationName = Release;
		};
/* End XCConfigurationList section */
	};
	rootObject = A7EB0ADA28B6B29300D223F7 /* Project object */;
}
