// !$*UTF8*$!
{
	archiveVersion = 1;
	classes = {
	};
	objectVersion = 56;
	objects = {

/* Begin PBXBuildFile section */
		A73DDC4828B7CF7D00C37A03 /* FeaturedCocktails.swift in Sources */ = {isa = PBXBuildFile; fileRef = A73DDC4728B7CF7D00C37A03 /* FeaturedCocktails.swift */; };
		A73DDC4A28B7DCA500C37A03 /* Columns.swift in Sources */ = {isa = PBXBuildFile; fileRef = A73DDC4928B7DCA500C37A03 /* Columns.swift */; };
		A7EB0AE628B6B29300D223F7 /* MixerApp.swift in Sources */ = {isa = PBXBuildFile; fileRef = A7EB0AE528B6B29300D223F7 /* MixerApp.swift */; };
		A7EB0AE828B6B29300D223F7 /* Bar.swift in Sources */ = {isa = PBXBuildFile; fileRef = A7EB0AE728B6B29300D223F7 /* Bar.swift */; };
		A7EB0AEB28B6B29300D223F7 /* Mixer.xcdatamodeld in Sources */ = {isa = PBXBuildFile; fileRef = A7EB0AE928B6B29300D223F7 /* Mixer.xcdatamodeld */; };
		A7EB0AEF28B6B29500D223F7 /* Assets.xcassets in Resources */ = {isa = PBXBuildFile; fileRef = A7EB0AEE28B6B29500D223F7 /* Assets.xcassets */; };
		A7EB0AF328B6B29500D223F7 /* Preview Assets.xcassets in Resources */ = {isa = PBXBuildFile; fileRef = A7EB0AF228B6B29500D223F7 /* Preview Assets.xcassets */; };
		A7EB0AFA28B6B32600D223F7 /* HomeView.swift in Sources */ = {isa = PBXBuildFile; fileRef = A7EB0AF928B6B32600D223F7 /* HomeView.swift */; };
		A7EB0B0128B6B46700D223F7 /* Enums.swift in Sources */ = {isa = PBXBuildFile; fileRef = A7EB0AFC28B6B46600D223F7 /* Enums.swift */; };
		A7EB0B0228B6B46700D223F7 /* Extensions.swift in Sources */ = {isa = PBXBuildFile; fileRef = A7EB0AFD28B6B46600D223F7 /* Extensions.swift */; };
		A7EB0B0328B6B46700D223F7 /* Cocktails.swift in Sources */ = {isa = PBXBuildFile; fileRef = A7EB0AFE28B6B46700D223F7 /* Cocktails.swift */; };
		A7EB0B0428B6B46700D223F7 /* Structs.swift in Sources */ = {isa = PBXBuildFile; fileRef = A7EB0AFF28B6B46700D223F7 /* Structs.swift */; };
		A7EB0B0528B6B46700D223F7 /* Measurements.swift in Sources */ = {isa = PBXBuildFile; fileRef = A7EB0B0028B6B46700D223F7 /* Measurements.swift */; };
		A7EB0B0728B6CA8A00D223F7 /* LargeCocktailView.swift in Sources */ = {isa = PBXBuildFile; fileRef = A7EB0B0628B6CA8A00D223F7 /* LargeCocktailView.swift */; };
		A7EB0B0F28B6CB8E00D223F7 /* Rating.swift in Sources */ = {isa = PBXBuildFile; fileRef = A7EB0B0B28B6CB8E00D223F7 /* Rating.swift */; };
		A7EB0B1028B6CB8E00D223F7 /* Filter.swift in Sources */ = {isa = PBXBuildFile; fileRef = A7EB0B0C28B6CB8E00D223F7 /* Filter.swift */; };
		A7EB0B2D28B6CC8600D223F7 /* CocktailView.swift in Sources */ = {isa = PBXBuildFile; fileRef = A7EB0B1528B6CC8300D223F7 /* CocktailView.swift */; };
		A7EB0B2E28B6CC8600D223F7 /* Guests.swift in Sources */ = {isa = PBXBuildFile; fileRef = A7EB0B1628B6CC8300D223F7 /* Guests.swift */; };
		A7EB0B2F28B6CC8600D223F7 /* Settings.swift in Sources */ = {isa = PBXBuildFile; fileRef = A7EB0B1728B6CC8300D223F7 /* Settings.swift */; };
		A7EB0B3028B6CC8600D223F7 /* CocktailList.swift in Sources */ = {isa = PBXBuildFile; fileRef = A7EB0B1828B6CC8300D223F7 /* CocktailList.swift */; };
		A7EB0B3128B6CC8600D223F7 /* HeroView.swift in Sources */ = {isa = PBXBuildFile; fileRef = A7EB0B1928B6CC8300D223F7 /* HeroView.swift */; };
		A7EB0B3228B6CC8600D223F7 /* CategoryItem.swift in Sources */ = {isa = PBXBuildFile; fileRef = A7EB0B1B28B6CC8300D223F7 /* CategoryItem.swift */; };
		A7EB0B3328B6CC8600D223F7 /* CategoryList.swift in Sources */ = {isa = PBXBuildFile; fileRef = A7EB0B1C28B6CC8300D223F7 /* CategoryList.swift */; };
		A7EB0B3428B6CC8600D223F7 /* CategoryGrid.swift in Sources */ = {isa = PBXBuildFile; fileRef = A7EB0B1D28B6CC8300D223F7 /* CategoryGrid.swift */; };
		A7EB0B3528B6CC8600D223F7 /* CategoryRow.swift in Sources */ = {isa = PBXBuildFile; fileRef = A7EB0B1E28B6CC8300D223F7 /* CategoryRow.swift */; };
/* End PBXBuildFile section */

/* Begin PBXFileReference section */
		A73DDC4728B7CF7D00C37A03 /* FeaturedCocktails.swift */ = {isa = PBXFileReference; lastKnownFileType = sourcecode.swift; path = FeaturedCocktails.swift; sourceTree = "<group>"; };
		A73DDC4928B7DCA500C37A03 /* Columns.swift */ = {isa = PBXFileReference; lastKnownFileType = sourcecode.swift; path = Columns.swift; sourceTree = "<group>"; };
		A7EB0AE228B6B29300D223F7 /* Mixer.app */ = {isa = PBXFileReference; explicitFileType = wrapper.application; includeInIndex = 0; path = Mixer.app; sourceTree = BUILT_PRODUCTS_DIR; };
		A7EB0AE528B6B29300D223F7 /* MixerApp.swift */ = {isa = PBXFileReference; lastKnownFileType = sourcecode.swift; path = MixerApp.swift; sourceTree = "<group>"; };
		A7EB0AE728B6B29300D223F7 /* Bar.swift */ = {isa = PBXFileReference; lastKnownFileType = sourcecode.swift; path = Bar.swift; sourceTree = "<group>"; };
		A7EB0AEA28B6B29300D223F7 /* Mixer.xcdatamodel */ = {isa = PBXFileReference; lastKnownFileType = wrapper.xcdatamodel; path = Mixer.xcdatamodel; sourceTree = "<group>"; };
		A7EB0AEE28B6B29500D223F7 /* Assets.xcassets */ = {isa = PBXFileReference; lastKnownFileType = folder.assetcatalog; path = Assets.xcassets; sourceTree = "<group>"; };
		A7EB0AF028B6B29500D223F7 /* Mixer.entitlements */ = {isa = PBXFileReference; lastKnownFileType = text.plist.entitlements; path = Mixer.entitlements; sourceTree = "<group>"; };
		A7EB0AF228B6B29500D223F7 /* Preview Assets.xcassets */ = {isa = PBXFileReference; lastKnownFileType = folder.assetcatalog; path = "Preview Assets.xcassets"; sourceTree = "<group>"; };
		A7EB0AF928B6B32600D223F7 /* HomeView.swift */ = {isa = PBXFileReference; lastKnownFileType = sourcecode.swift; path = HomeView.swift; sourceTree = "<group>"; };
		A7EB0AFC28B6B46600D223F7 /* Enums.swift */ = {isa = PBXFileReference; fileEncoding = 4; lastKnownFileType = sourcecode.swift; path = Enums.swift; sourceTree = "<group>"; };
		A7EB0AFD28B6B46600D223F7 /* Extensions.swift */ = {isa = PBXFileReference; fileEncoding = 4; lastKnownFileType = sourcecode.swift; path = Extensions.swift; sourceTree = "<group>"; };
		A7EB0AFE28B6B46700D223F7 /* Cocktails.swift */ = {isa = PBXFileReference; fileEncoding = 4; lastKnownFileType = sourcecode.swift; path = Cocktails.swift; sourceTree = "<group>"; };
		A7EB0AFF28B6B46700D223F7 /* Structs.swift */ = {isa = PBXFileReference; fileEncoding = 4; lastKnownFileType = sourcecode.swift; path = Structs.swift; sourceTree = "<group>"; };
		A7EB0B0028B6B46700D223F7 /* Measurements.swift */ = {isa = PBXFileReference; fileEncoding = 4; lastKnownFileType = sourcecode.swift; path = Measurements.swift; sourceTree = "<group>"; };
		A7EB0B0628B6CA8A00D223F7 /* LargeCocktailView.swift */ = {isa = PBXFileReference; fileEncoding = 4; lastKnownFileType = sourcecode.swift; path = LargeCocktailView.swift; sourceTree = "<group>"; };
		A7EB0B0B28B6CB8E00D223F7 /* Rating.swift */ = {isa = PBXFileReference; fileEncoding = 4; lastKnownFileType = sourcecode.swift; path = Rating.swift; sourceTree = "<group>"; };
		A7EB0B0C28B6CB8E00D223F7 /* Filter.swift */ = {isa = PBXFileReference; fileEncoding = 4; lastKnownFileType = sourcecode.swift; path = Filter.swift; sourceTree = "<group>"; };
		A7EB0B1528B6CC8300D223F7 /* CocktailView.swift */ = {isa = PBXFileReference; fileEncoding = 4; lastKnownFileType = sourcecode.swift; path = CocktailView.swift; sourceTree = "<group>"; };
		A7EB0B1628B6CC8300D223F7 /* Guests.swift */ = {isa = PBXFileReference; fileEncoding = 4; lastKnownFileType = sourcecode.swift; path = Guests.swift; sourceTree = "<group>"; };
		A7EB0B1728B6CC8300D223F7 /* Settings.swift */ = {isa = PBXFileReference; fileEncoding = 4; lastKnownFileType = sourcecode.swift; path = Settings.swift; sourceTree = "<group>"; };
		A7EB0B1828B6CC8300D223F7 /* CocktailList.swift */ = {isa = PBXFileReference; fileEncoding = 4; lastKnownFileType = sourcecode.swift; path = CocktailList.swift; sourceTree = "<group>"; };
		A7EB0B1928B6CC8300D223F7 /* HeroView.swift */ = {isa = PBXFileReference; fileEncoding = 4; lastKnownFileType = sourcecode.swift; path = HeroView.swift; sourceTree = "<group>"; };
		A7EB0B1B28B6CC8300D223F7 /* CategoryItem.swift */ = {isa = PBXFileReference; fileEncoding = 4; lastKnownFileType = sourcecode.swift; path = CategoryItem.swift; sourceTree = "<group>"; };
		A7EB0B1C28B6CC8300D223F7 /* CategoryList.swift */ = {isa = PBXFileReference; fileEncoding = 4; lastKnownFileType = sourcecode.swift; path = CategoryList.swift; sourceTree = "<group>"; };
		A7EB0B1D28B6CC8300D223F7 /* CategoryGrid.swift */ = {isa = PBXFileReference; fileEncoding = 4; lastKnownFileType = sourcecode.swift; path = CategoryGrid.swift; sourceTree = "<group>"; };
		A7EB0B1E28B6CC8300D223F7 /* CategoryRow.swift */ = {isa = PBXFileReference; fileEncoding = 4; lastKnownFileType = sourcecode.swift; path = CategoryRow.swift; sourceTree = "<group>"; };
/* End PBXFileReference section */

/* Begin PBXFrameworksBuildPhase section */
		A7EB0ADF28B6B29300D223F7 /* Frameworks */ = {
			isa = PBXFrameworksBuildPhase;
			buildActionMask = 2147483647;
			files = (
			);
			runOnlyForDeploymentPostprocessing = 0;
		};
/* End PBXFrameworksBuildPhase section */

/* Begin PBXGroup section */
		A7EB0AD928B6B29300D223F7 = {
			isa = PBXGroup;
			children = (
				A7EB0AE428B6B29300D223F7 /* Mixer */,
				A7EB0AE328B6B29300D223F7 /* Products */,
			);
			sourceTree = "<group>";
		};
		A7EB0AE328B6B29300D223F7 /* Products */ = {
			isa = PBXGroup;
			children = (
				A7EB0AE228B6B29300D223F7 /* Mixer.app */,
			);
			name = Products;
			sourceTree = "<group>";
		};
		A7EB0AE428B6B29300D223F7 /* Mixer */ = {
			isa = PBXGroup;
			children = (
				A7EB0AE528B6B29300D223F7 /* MixerApp.swift */,
				A7EB0AE728B6B29300D223F7 /* Bar.swift */,
				A7EB0B0828B6CB6900D223F7 /* Views */,
				A7EB0B0A28B6CB8E00D223F7 /* Extensions */,
				A7EB0AFB28B6B45200D223F7 /* Data */,
				A7EB0AEE28B6B29500D223F7 /* Assets.xcassets */,
				A7EB0AF028B6B29500D223F7 /* Mixer.entitlements */,
				A7EB0AE928B6B29300D223F7 /* Mixer.xcdatamodeld */,
				A7EB0AF128B6B29500D223F7 /* Preview Content */,
			);
			path = Mixer;
			sourceTree = "<group>";
		};
		A7EB0AF128B6B29500D223F7 /* Preview Content */ = {
			isa = PBXGroup;
			children = (
				A7EB0AF228B6B29500D223F7 /* Preview Assets.xcassets */,
			);
			path = "Preview Content";
			sourceTree = "<group>";
		};
		A7EB0AFB28B6B45200D223F7 /* Data */ = {
			isa = PBXGroup;
			children = (
				A7EB0AFE28B6B46700D223F7 /* Cocktails.swift */,
				A7EB0AFC28B6B46600D223F7 /* Enums.swift */,
				A7EB0AFD28B6B46600D223F7 /* Extensions.swift */,
				A7EB0B0028B6B46700D223F7 /* Measurements.swift */,
				A7EB0AFF28B6B46700D223F7 /* Structs.swift */,
			);
			path = Data;
			sourceTree = "<group>";
		};
		A7EB0B0828B6CB6900D223F7 /* Views */ = {
			isa = PBXGroup;
			children = (
				A7EB0B1428B6CC8300D223F7 /* iOS */,
			);
			path = Views;
			sourceTree = "<group>";
		};
		A7EB0B0A28B6CB8E00D223F7 /* Extensions */ = {
			isa = PBXGroup;
			children = (
				A73DDC4928B7DCA500C37A03 /* Columns.swift */,
				A7EB0B0C28B6CB8E00D223F7 /* Filter.swift */,
				A7EB0B0B28B6CB8E00D223F7 /* Rating.swift */,
			);
			path = Extensions;
			sourceTree = "<group>";
		};
		A7EB0B1428B6CC8300D223F7 /* iOS */ = {
			isa = PBXGroup;
			children = (
				A7EB0AF928B6B32600D223F7 /* HomeView.swift */,
				A7EB0B1828B6CC8300D223F7 /* CocktailList.swift */,
				A73DDC4728B7CF7D00C37A03 /* FeaturedCocktails.swift */,
				A7EB0B1528B6CC8300D223F7 /* CocktailView.swift */,
				A7EB0B0628B6CA8A00D223F7 /* LargeCocktailView.swift */,
				A7EB0B1628B6CC8300D223F7 /* Guests.swift */,
				A7EB0B1728B6CC8300D223F7 /* Settings.swift */,
				A7EB0B1928B6CC8300D223F7 /* HeroView.swift */,
				A7EB0B1A28B6CC8300D223F7 /* Categories */,
			);
			path = iOS;
			sourceTree = "<group>";
		};
		A7EB0B1A28B6CC8300D223F7 /* Categories */ = {
			isa = PBXGroup;
			children = (
				A7EB0B1C28B6CC8300D223F7 /* CategoryList.swift */,
				A7EB0B1E28B6CC8300D223F7 /* CategoryRow.swift */,
				A7EB0B1D28B6CC8300D223F7 /* CategoryGrid.swift */,
				A7EB0B1B28B6CC8300D223F7 /* CategoryItem.swift */,
			);
			path = Categories;
			sourceTree = "<group>";
		};
/* End PBXGroup section */

/* Begin PBXNativeTarget section */
		A7EB0AE128B6B29300D223F7 /* Mixer */ = {
			isa = PBXNativeTarget;
			buildConfigurationList = A7EB0AF628B6B29500D223F7 /* Build configuration list for PBXNativeTarget "Mixer" */;
			buildPhases = (
				A7EB0ADE28B6B29300D223F7 /* Sources */,
				A7EB0ADF28B6B29300D223F7 /* Frameworks */,
				A7EB0AE028B6B29300D223F7 /* Resources */,
			);
			buildRules = (
			);
			dependencies = (
			);
			name = Mixer;
			productName = Mixer;
			productReference = A7EB0AE228B6B29300D223F7 /* Mixer.app */;
			productType = "com.apple.product-type.application";
		};
/* End PBXNativeTarget section */

/* Begin PBXProject section */
		A7EB0ADA28B6B29300D223F7 /* Project object */ = {
			isa = PBXProject;
			attributes = {
				BuildIndependentTargetsInParallel = 1;
				LastSwiftUpdateCheck = 1400;
				LastUpgradeCheck = 1400;
				TargetAttributes = {
					A7EB0AE128B6B29300D223F7 = {
						CreatedOnToolsVersion = 14.0;
					};
				};
			};
			buildConfigurationList = A7EB0ADD28B6B29300D223F7 /* Build configuration list for PBXProject "Mixer" */;
			compatibilityVersion = "Xcode 14.0";
			developmentRegion = en;
			hasScannedForEncodings = 0;
			knownRegions = (
				en,
				Base,
			);
			mainGroup = A7EB0AD928B6B29300D223F7;
			productRefGroup = A7EB0AE328B6B29300D223F7 /* Products */;
			projectDirPath = "";
			projectRoot = "";
			targets = (
				A7EB0AE128B6B29300D223F7 /* Mixer */,
			);
		};
/* End PBXProject section */

/* Begin PBXResourcesBuildPhase section */
		A7EB0AE028B6B29300D223F7 /* Resources */ = {
			isa = PBXResourcesBuildPhase;
			buildActionMask = 2147483647;
			files = (
				A7EB0AF328B6B29500D223F7 /* Preview Assets.xcassets in Resources */,
				A7EB0AEF28B6B29500D223F7 /* Assets.xcassets in Resources */,
			);
			runOnlyForDeploymentPostprocessing = 0;
		};
/* End PBXResourcesBuildPhase section */

/* Begin PBXSourcesBuildPhase section */
		A7EB0ADE28B6B29300D223F7 /* Sources */ = {
			isa = PBXSourcesBuildPhase;
			buildActionMask = 2147483647;
			files = (
				A7EB0B0F28B6CB8E00D223F7 /* Rating.swift in Sources */,
				A7EB0B3428B6CC8600D223F7 /* CategoryGrid.swift in Sources */,
				A7EB0B0428B6B46700D223F7 /* Structs.swift in Sources */,
				A7EB0B2E28B6CC8600D223F7 /* Guests.swift in Sources */,
				A7EB0B2F28B6CC8600D223F7 /* Settings.swift in Sources */,
				A73DDC4A28B7DCA500C37A03 /* Columns.swift in Sources */,
				A7EB0AE628B6B29300D223F7 /* MixerApp.swift in Sources */,
				A7EB0B3528B6CC8600D223F7 /* CategoryRow.swift in Sources */,
				A7EB0B0228B6B46700D223F7 /* Extensions.swift in Sources */,
				A7EB0B0328B6B46700D223F7 /* Cocktails.swift in Sources */,
				A7EB0B0728B6CA8A00D223F7 /* LargeCocktailView.swift in Sources */,
				A7EB0B3328B6CC8600D223F7 /* CategoryList.swift in Sources */,
				A7EB0AEB28B6B29300D223F7 /* Mixer.xcdatamodeld in Sources */,
				A7EB0B3028B6CC8600D223F7 /* CocktailList.swift in Sources */,
				A73DDC4828B7CF7D00C37A03 /* FeaturedCocktails.swift in Sources */,
				A7EB0B0128B6B46700D223F7 /* Enums.swift in Sources */,
				A7EB0AFA28B6B32600D223F7 /* HomeView.swift in Sources */,
				A7EB0B1028B6CB8E00D223F7 /* Filter.swift in Sources */,
				A7EB0B0528B6B46700D223F7 /* Measurements.swift in Sources */,
				A7EB0B2D28B6CC8600D223F7 /* CocktailView.swift in Sources */,
				A7EB0B3128B6CC8600D223F7 /* HeroView.swift in Sources */,
				A7EB0B3228B6CC8600D223F7 /* CategoryItem.swift in Sources */,
				A7EB0AE828B6B29300D223F7 /* Bar.swift in Sources */,
			);
			runOnlyForDeploymentPostprocessing = 0;
		};
/* End PBXSourcesBuildPhase section */

/* Begin XCBuildConfiguration section */
		A7EB0AF428B6B29500D223F7 /* Debug */ = {
			isa = XCBuildConfiguration;
			buildSettings = {
				ALWAYS_SEARCH_USER_PATHS = NO;
				CLANG_ANALYZER_NONNULL = YES;
				CLANG_ANALYZER_NUMBER_OBJECT_CONVERSION = YES_AGGRESSIVE;
				CLANG_CXX_LANGUAGE_STANDARD = "gnu++20";
				CLANG_ENABLE_MODULES = YES;
				CLANG_ENABLE_OBJC_ARC = YES;
				CLANG_ENABLE_OBJC_WEAK = YES;
				CLANG_WARN_BLOCK_CAPTURE_AUTORELEASING = YES;
				CLANG_WARN_BOOL_CONVERSION = YES;
				CLANG_WARN_COMMA = YES;
				CLANG_WARN_CONSTANT_CONVERSION = YES;
				CLANG_WARN_DEPRECATED_OBJC_IMPLEMENTATIONS = YES;
				CLANG_WARN_DIRECT_OBJC_ISA_USAGE = YES_ERROR;
				CLANG_WARN_DOCUMENTATION_COMMENTS = YES;
				CLANG_WARN_EMPTY_BODY = YES;
				CLANG_WARN_ENUM_CONVERSION = YES;
				CLANG_WARN_INFINITE_RECURSION = YES;
				CLANG_WARN_INT_CONVERSION = YES;
				CLANG_WARN_NON_LITERAL_NULL_CONVERSION = YES;
				CLANG_WARN_OBJC_IMPLICIT_RETAIN_SELF = YES;
				CLANG_WARN_OBJC_LITERAL_CONVERSION = YES;
				CLANG_WARN_OBJC_ROOT_CLASS = YES_ERROR;
				CLANG_WARN_QUOTED_INCLUDE_IN_FRAMEWORK_HEADER = YES;
				CLANG_WARN_RANGE_LOOP_ANALYSIS = YES;
				CLANG_WARN_STRICT_PROTOTYPES = YES;
				CLANG_WARN_SUSPICIOUS_MOVE = YES;
				CLANG_WARN_UNGUARDED_AVAILABILITY = YES_AGGRESSIVE;
				CLANG_WARN_UNREACHABLE_CODE = YES;
				CLANG_WARN__DUPLICATE_METHOD_MATCH = YES;
				COPY_PHASE_STRIP = NO;
				DEBUG_INFORMATION_FORMAT = dwarf;
				ENABLE_STRICT_OBJC_MSGSEND = YES;
				ENABLE_TESTABILITY = YES;
				GCC_C_LANGUAGE_STANDARD = gnu11;
				GCC_DYNAMIC_NO_PIC = NO;
				GCC_NO_COMMON_BLOCKS = YES;
				GCC_OPTIMIZATION_LEVEL = 0;
				GCC_PREPROCESSOR_DEFINITIONS = (
					"DEBUG=1",
					"$(inherited)",
				);
				GCC_WARN_64_TO_32_BIT_CONVERSION = YES;
				GCC_WARN_ABOUT_RETURN_TYPE = YES_ERROR;
				GCC_WARN_UNDECLARED_SELECTOR = YES;
				GCC_WARN_UNINITIALIZED_AUTOS = YES_AGGRESSIVE;
				GCC_WARN_UNUSED_FUNCTION = YES;
				GCC_WARN_UNUSED_VARIABLE = YES;
				MTL_ENABLE_DEBUG_INFO = INCLUDE_SOURCE;
				MTL_FAST_MATH = YES;
				ONLY_ACTIVE_ARCH = YES;
				SWIFT_ACTIVE_COMPILATION_CONDITIONS = DEBUG;
				SWIFT_OPTIMIZATION_LEVEL = "-Onone";
			};
			name = Debug;
		};
		A7EB0AF528B6B29500D223F7 /* Release */ = {
			isa = XCBuildConfiguration;
			buildSettings = {
				ALWAYS_SEARCH_USER_PATHS = NO;
				CLANG_ANALYZER_NONNULL = YES;
				CLANG_ANALYZER_NUMBER_OBJECT_CONVERSION = YES_AGGRESSIVE;
				CLANG_CXX_LANGUAGE_STANDARD = "gnu++20";
				CLANG_ENABLE_MODULES = YES;
				CLANG_ENABLE_OBJC_ARC = YES;
				CLANG_ENABLE_OBJC_WEAK = YES;
				CLANG_WARN_BLOCK_CAPTURE_AUTORELEASING = YES;
				CLANG_WARN_BOOL_CONVERSION = YES;
				CLANG_WARN_COMMA = YES;
				CLANG_WARN_CONSTANT_CONVERSION = YES;
				CLANG_WARN_DEPRECATED_OBJC_IMPLEMENTATIONS = YES;
				CLANG_WARN_DIRECT_OBJC_ISA_USAGE = YES_ERROR;
				CLANG_WARN_DOCUMENTATION_COMMENTS = YES;
				CLANG_WARN_EMPTY_BODY = YES;
				CLANG_WARN_ENUM_CONVERSION = YES;
				CLANG_WARN_INFINITE_RECURSION = YES;
				CLANG_WARN_INT_CONVERSION = YES;
				CLANG_WARN_NON_LITERAL_NULL_CONVERSION = YES;
				CLANG_WARN_OBJC_IMPLICIT_RETAIN_SELF = YES;
				CLANG_WARN_OBJC_LITERAL_CONVERSION = YES;
				CLANG_WARN_OBJC_ROOT_CLASS = YES_ERROR;
				CLANG_WARN_QUOTED_INCLUDE_IN_FRAMEWORK_HEADER = YES;
				CLANG_WARN_RANGE_LOOP_ANALYSIS = YES;
				CLANG_WARN_STRICT_PROTOTYPES = YES;
				CLANG_WARN_SUSPICIOUS_MOVE = YES;
				CLANG_WARN_UNGUARDED_AVAILABILITY = YES_AGGRESSIVE;
				CLANG_WARN_UNREACHABLE_CODE = YES;
				CLANG_WARN__DUPLICATE_METHOD_MATCH = YES;
				COPY_PHASE_STRIP = NO;
				DEBUG_INFORMATION_FORMAT = "dwarf-with-dsym";
				ENABLE_NS_ASSERTIONS = NO;
				ENABLE_STRICT_OBJC_MSGSEND = YES;
				GCC_C_LANGUAGE_STANDARD = gnu11;
				GCC_NO_COMMON_BLOCKS = YES;
				GCC_WARN_64_TO_32_BIT_CONVERSION = YES;
				GCC_WARN_ABOUT_RETURN_TYPE = YES_ERROR;
				GCC_WARN_UNDECLARED_SELECTOR = YES;
				GCC_WARN_UNINITIALIZED_AUTOS = YES_AGGRESSIVE;
				GCC_WARN_UNUSED_FUNCTION = YES;
				GCC_WARN_UNUSED_VARIABLE = YES;
				MTL_ENABLE_DEBUG_INFO = NO;
				MTL_FAST_MATH = YES;
				SWIFT_COMPILATION_MODE = wholemodule;
				SWIFT_OPTIMIZATION_LEVEL = "-O";
			};
			name = Release;
		};
		A7EB0AF728B6B29500D223F7 /* Debug */ = {
			isa = XCBuildConfiguration;
			buildSettings = {
				ASSETCATALOG_COMPILER_APPICON_NAME = AppIcon;
				ASSETCATALOG_COMPILER_GLOBAL_ACCENT_COLOR_NAME = AccentColor;
				CODE_SIGN_ENTITLEMENTS = Mixer/Mixer.entitlements;
				CODE_SIGN_STYLE = Automatic;
				CURRENT_PROJECT_VERSION = 1;
				DEVELOPMENT_ASSET_PATHS = "\"Mixer/Preview Content\"";
				DEVELOPMENT_TEAM = K6FKZVH5G5;
				ENABLE_HARDENED_RUNTIME = YES;
				ENABLE_PREVIEWS = YES;
				GENERATE_INFOPLIST_FILE = YES;
				INFOPLIST_KEY_CFBundleDisplayName = Cocktails;
				INFOPLIST_KEY_LSApplicationCategoryType = "public.app-category.food-and-drink";
				"INFOPLIST_KEY_UIApplicationSceneManifest_Generation[sdk=iphoneos*]" = YES;
				"INFOPLIST_KEY_UIApplicationSceneManifest_Generation[sdk=iphonesimulator*]" = YES;
				"INFOPLIST_KEY_UIApplicationSupportsIndirectInputEvents[sdk=iphoneos*]" = YES;
				"INFOPLIST_KEY_UIApplicationSupportsIndirectInputEvents[sdk=iphonesimulator*]" = YES;
				"INFOPLIST_KEY_UILaunchScreen_Generation[sdk=iphoneos*]" = YES;
				"INFOPLIST_KEY_UILaunchScreen_Generation[sdk=iphonesimulator*]" = YES;
				"INFOPLIST_KEY_UIStatusBarStyle[sdk=iphoneos*]" = UIStatusBarStyleDefault;
				"INFOPLIST_KEY_UIStatusBarStyle[sdk=iphonesimulator*]" = UIStatusBarStyleDefault;
				INFOPLIST_KEY_UISupportedInterfaceOrientations = UIInterfaceOrientationPortrait;
				INFOPLIST_KEY_UISupportedInterfaceOrientations_iPad = "UIInterfaceOrientationLandscapeLeft UIInterfaceOrientationLandscapeRight UIInterfaceOrientationPortrait UIInterfaceOrientationPortraitUpsideDown";
				IPHONEOS_DEPLOYMENT_TARGET = 16.0;
				LD_RUNPATH_SEARCH_PATHS = "@executable_path/Frameworks";
				"LD_RUNPATH_SEARCH_PATHS[sdk=macosx*]" = "@executable_path/../Frameworks";
				MACOSX_DEPLOYMENT_TARGET = 13.0;
				MARKETING_VERSION = 1.0;
				PRODUCT_BUNDLE_IDENTIFIER = com.heyjoshsmith.Mixer;
				PRODUCT_NAME = "$(TARGET_NAME)";
				SDKROOT = auto;
				SUPPORTED_PLATFORMS = "iphoneos iphonesimulator macosx";
				SWIFT_EMIT_LOC_STRINGS = YES;
				SWIFT_VERSION = 5.0;
				TARGETED_DEVICE_FAMILY = "1,2";
			};
			name = Debug;
		};
		A7EB0AF828B6B29500D223F7 /* Release */ = {
			isa = XCBuildConfiguration;
			buildSettings = {
				ASSETCATALOG_COMPILER_APPICON_NAME = AppIcon;
				ASSETCATALOG_COMPILER_GLOBAL_ACCENT_COLOR_NAME = AccentColor;
				CODE_SIGN_ENTITLEMENTS = Mixer/Mixer.entitlements;
				CODE_SIGN_STYLE = Automatic;
				CURRENT_PROJECT_VERSION = 1;
				DEVELOPMENT_ASSET_PATHS = "\"Mixer/Preview Content\"";
				DEVELOPMENT_TEAM = K6FKZVH5G5;
				ENABLE_HARDENED_RUNTIME = YES;
				ENABLE_PREVIEWS = YES;
				GENERATE_INFOPLIST_FILE = YES;
				INFOPLIST_KEY_CFBundleDisplayName = Cocktails;
				INFOPLIST_KEY_LSApplicationCategoryType = "public.app-category.food-and-drink";
				"INFOPLIST_KEY_UIApplicationSceneManifest_Generation[sdk=iphoneos*]" = YES;
				"INFOPLIST_KEY_UIApplicationSceneManifest_Generation[sdk=iphonesimulator*]" = YES;
				"INFOPLIST_KEY_UIApplicationSupportsIndirectInputEvents[sdk=iphoneos*]" = YES;
				"INFOPLIST_KEY_UIApplicationSupportsIndirectInputEvents[sdk=iphonesimulator*]" = YES;
				"INFOPLIST_KEY_UILaunchScreen_Generation[sdk=iphoneos*]" = YES;
				"INFOPLIST_KEY_UILaunchScreen_Generation[sdk=iphonesimulator*]" = YES;
				"INFOPLIST_KEY_UIStatusBarStyle[sdk=iphoneos*]" = UIStatusBarStyleDefault;
				"INFOPLIST_KEY_UIStatusBarStyle[sdk=iphonesimulator*]" = UIStatusBarStyleDefault;
				INFOPLIST_KEY_UISupportedInterfaceOrientations = UIInterfaceOrientationPortrait;
				INFOPLIST_KEY_UISupportedInterfaceOrientations_iPad = "UIInterfaceOrientationLandscapeLeft UIInterfaceOrientationLandscapeRight UIInterfaceOrientationPortrait UIInterfaceOrientationPortraitUpsideDown";
				IPHONEOS_DEPLOYMENT_TARGET = 16.0;
				LD_RUNPATH_SEARCH_PATHS = "@executable_path/Frameworks";
				"LD_RUNPATH_SEARCH_PATHS[sdk=macosx*]" = "@executable_path/../Frameworks";
				MACOSX_DEPLOYMENT_TARGET = 13.0;
				MARKETING_VERSION = 1.0;
				PRODUCT_BUNDLE_IDENTIFIER = com.heyjoshsmith.Mixer;
				PRODUCT_NAME = "$(TARGET_NAME)";
				SDKROOT = auto;
				SUPPORTED_PLATFORMS = "iphoneos iphonesimulator macosx";
				SWIFT_EMIT_LOC_STRINGS = YES;
				SWIFT_VERSION = 5.0;
				TARGETED_DEVICE_FAMILY = "1,2";
			};
			name = Release;
		};
/* End XCBuildConfiguration section */

/* Begin XCConfigurationList section */
		A7EB0ADD28B6B29300D223F7 /* Build configuration list for PBXProject "Mixer" */ = {
			isa = XCConfigurationList;
			buildConfigurations = (
				A7EB0AF428B6B29500D223F7 /* Debug */,
				A7EB0AF528B6B29500D223F7 /* Release */,
			);
			defaultConfigurationIsVisible = 0;
			defaultConfigurationName = Release;
		};
		A7EB0AF628B6B29500D223F7 /* Build configuration list for PBXNativeTarget "Mixer" */ = {
			isa = XCConfigurationList;
			buildConfigurations = (
				A7EB0AF728B6B29500D223F7 /* Debug */,
				A7EB0AF828B6B29500D223F7 /* Release */,
			);
			defaultConfigurationIsVisible = 0;
			defaultConfigurationName = Release;
		};
/* End XCConfigurationList section */

/* Begin XCVersionGroup section */
		A7EB0AE928B6B29300D223F7 /* Mixer.xcdatamodeld */ = {
			isa = XCVersionGroup;
			children = (
				A7EB0AEA28B6B29300D223F7 /* Mixer.xcdatamodel */,
			);
			currentVersion = A7EB0AEA28B6B29300D223F7 /* Mixer.xcdatamodel */;
			path = Mixer.xcdatamodeld;
			sourceTree = "<group>";
			versionGroupType = wrapper.xcdatamodel;
		};
/* End XCVersionGroup section */
	};
	rootObject = A7EB0ADA28B6B29300D223F7 /* Project object */;
}
